// !$*UTF8*$!
{
	archiveVersion = 1;
	classes = {
	};
	objectVersion = 46;
	objects = {

/* Begin PBXBuildFile section */
		9FF8FE871E8150890060818D /* main.m in Sources */ = {isa = PBXBuildFile; fileRef = 9FF8FE861E8150890060818D /* main.m */; };
		9FF8FE8A1E8150890060818D /* AppDelegate.m in Sources */ = {isa = PBXBuildFile; fileRef = 9FF8FE891E8150890060818D /* AppDelegate.m */; };
		9FF8FE901E8150890060818D /* Main.storyboard in Resources */ = {isa = PBXBuildFile; fileRef = 9FF8FE8E1E8150890060818D /* Main.storyboard */; };
		9FF8FE921E8150890060818D /* Assets.xcassets in Resources */ = {isa = PBXBuildFile; fileRef = 9FF8FE911E8150890060818D /* Assets.xcassets */; };
		9FF8FE951E8150890060818D /* LaunchScreen.storyboard in Resources */ = {isa = PBXBuildFile; fileRef = 9FF8FE931E8150890060818D /* LaunchScreen.storyboard */; };
		9FF8FED11E8150CD0060818D /* AFHTTPSessionManager.m in Sources */ = {isa = PBXBuildFile; fileRef = 9FF8FEA01E8150CD0060818D /* AFHTTPSessionManager.m */; };
		9FF8FED21E8150CD0060818D /* AFNetworkReachabilityManager.m in Sources */ = {isa = PBXBuildFile; fileRef = 9FF8FEA31E8150CD0060818D /* AFNetworkReachabilityManager.m */; };
		9FF8FED31E8150CD0060818D /* AFSecurityPolicy.m in Sources */ = {isa = PBXBuildFile; fileRef = 9FF8FEA51E8150CD0060818D /* AFSecurityPolicy.m */; };
		9FF8FED41E8150CD0060818D /* AFURLRequestSerialization.m in Sources */ = {isa = PBXBuildFile; fileRef = 9FF8FEA71E8150CD0060818D /* AFURLRequestSerialization.m */; };
		9FF8FED51E8150CD0060818D /* AFURLResponseSerialization.m in Sources */ = {isa = PBXBuildFile; fileRef = 9FF8FEA91E8150CD0060818D /* AFURLResponseSerialization.m */; };
		9FF8FED61E8150CD0060818D /* AFURLSessionManager.m in Sources */ = {isa = PBXBuildFile; fileRef = 9FF8FEAB1E8150CD0060818D /* AFURLSessionManager.m */; };
		9FF8FED71E8150CD0060818D /* MASCompositeConstraint.m in Sources */ = {isa = PBXBuildFile; fileRef = 9FF8FEAE1E8150CD0060818D /* MASCompositeConstraint.m */; };
		9FF8FED81E8150CD0060818D /* MASConstraint.m in Sources */ = {isa = PBXBuildFile; fileRef = 9FF8FEB11E8150CD0060818D /* MASConstraint.m */; };
		9FF8FED91E8150CD0060818D /* MASConstraintMaker.m in Sources */ = {isa = PBXBuildFile; fileRef = 9FF8FEB31E8150CD0060818D /* MASConstraintMaker.m */; };
		9FF8FEDA1E8150CD0060818D /* MASLayoutConstraint.m in Sources */ = {isa = PBXBuildFile; fileRef = 9FF8FEB51E8150CD0060818D /* MASLayoutConstraint.m */; };
		9FF8FEDB1E8150CD0060818D /* MASViewAttribute.m in Sources */ = {isa = PBXBuildFile; fileRef = 9FF8FEB91E8150CD0060818D /* MASViewAttribute.m */; };
		9FF8FEDC1E8150CD0060818D /* MASViewConstraint.m in Sources */ = {isa = PBXBuildFile; fileRef = 9FF8FEBB1E8150CD0060818D /* MASViewConstraint.m */; };
		9FF8FEDD1E8150CD0060818D /* NSArray+MASAdditions.m in Sources */ = {isa = PBXBuildFile; fileRef = 9FF8FEBD1E8150CD0060818D /* NSArray+MASAdditions.m */; };
		9FF8FEDE1E8150CD0060818D /* NSLayoutConstraint+MASDebugAdditions.m in Sources */ = {isa = PBXBuildFile; fileRef = 9FF8FEC01E8150CD0060818D /* NSLayoutConstraint+MASDebugAdditions.m */; };
		9FF8FEDF1E8150CD0060818D /* View+MASAdditions.m in Sources */ = {isa = PBXBuildFile; fileRef = 9FF8FEC21E8150CD0060818D /* View+MASAdditions.m */; };
		9FF8FEE01E8150CD0060818D /* ViewController+MASAdditions.m in Sources */ = {isa = PBXBuildFile; fileRef = 9FF8FEC51E8150CD0060818D /* ViewController+MASAdditions.m */; };
		9FF8FEE11E8150CD0060818D /* SVIndefiniteAnimatedView.m in Sources */ = {isa = PBXBuildFile; fileRef = 9FF8FEC81E8150CD0060818D /* SVIndefiniteAnimatedView.m */; };
		9FF8FEE21E8150CD0060818D /* SVProgressAnimatedView.m in Sources */ = {isa = PBXBuildFile; fileRef = 9FF8FECA1E8150CD0060818D /* SVProgressAnimatedView.m */; };
		9FF8FEE31E8150CD0060818D /* SVProgressHUD.bundle in Resources */ = {isa = PBXBuildFile; fileRef = 9FF8FECC1E8150CD0060818D /* SVProgressHUD.bundle */; };
		9FF8FEE41E8150CD0060818D /* SVProgressHUD.m in Sources */ = {isa = PBXBuildFile; fileRef = 9FF8FECE1E8150CD0060818D /* SVProgressHUD.m */; };
		9FF8FEE51E8150CD0060818D /* SVRadialGradientLayer.m in Sources */ = {isa = PBXBuildFile; fileRef = 9FF8FED01E8150CD0060818D /* SVRadialGradientLayer.m */; };
		9FF8FF2E1E8152800060818D /* MainViewController.m in Sources */ = {isa = PBXBuildFile; fileRef = 9FF8FF2D1E8152800060818D /* MainViewController.m */; };
		9FF8FF331E8154410060818D /* StoryCell.m in Sources */ = {isa = PBXBuildFile; fileRef = 9FF8FF311E8154410060818D /* StoryCell.m */; };
		9FF8FF341E8154410060818D /* StoryCell.xib in Resources */ = {isa = PBXBuildFile; fileRef = 9FF8FF321E8154410060818D /* StoryCell.xib */; };
/* End PBXBuildFile section */

/* Begin PBXFileReference section */
		9FF8FE821E8150890060818D /* ZhuHuDaily.app */ = {isa = PBXFileReference; explicitFileType = wrapper.application; includeInIndex = 0; path = ZhuHuDaily.app; sourceTree = BUILT_PRODUCTS_DIR; };
		9FF8FE861E8150890060818D /* main.m */ = {isa = PBXFileReference; lastKnownFileType = sourcecode.c.objc; path = main.m; sourceTree = "<group>"; };
		9FF8FE881E8150890060818D /* AppDelegate.h */ = {isa = PBXFileReference; lastKnownFileType = sourcecode.c.h; path = AppDelegate.h; sourceTree = "<group>"; };
		9FF8FE891E8150890060818D /* AppDelegate.m */ = {isa = PBXFileReference; lastKnownFileType = sourcecode.c.objc; path = AppDelegate.m; sourceTree = "<group>"; };
		9FF8FE8F1E8150890060818D /* Base */ = {isa = PBXFileReference; lastKnownFileType = file.storyboard; name = Base; path = Base.lproj/Main.storyboard; sourceTree = "<group>"; };
		9FF8FE911E8150890060818D /* Assets.xcassets */ = {isa = PBXFileReference; lastKnownFileType = folder.assetcatalog; path = Assets.xcassets; sourceTree = "<group>"; };
		9FF8FE941E8150890060818D /* Base */ = {isa = PBXFileReference; lastKnownFileType = file.storyboard; name = Base; path = Base.lproj/LaunchScreen.storyboard; sourceTree = "<group>"; };
		9FF8FE961E8150890060818D /* Info.plist */ = {isa = PBXFileReference; lastKnownFileType = text.plist.xml; path = Info.plist; sourceTree = "<group>"; };
		9FF8FE9F1E8150CD0060818D /* AFHTTPSessionManager.h */ = {isa = PBXFileReference; fileEncoding = 4; lastKnownFileType = sourcecode.c.h; path = AFHTTPSessionManager.h; sourceTree = "<group>"; };
		9FF8FEA01E8150CD0060818D /* AFHTTPSessionManager.m */ = {isa = PBXFileReference; fileEncoding = 4; lastKnownFileType = sourcecode.c.objc; path = AFHTTPSessionManager.m; sourceTree = "<group>"; };
		9FF8FEA11E8150CD0060818D /* AFNetworking.h */ = {isa = PBXFileReference; fileEncoding = 4; lastKnownFileType = sourcecode.c.h; path = AFNetworking.h; sourceTree = "<group>"; };
		9FF8FEA21E8150CD0060818D /* AFNetworkReachabilityManager.h */ = {isa = PBXFileReference; fileEncoding = 4; lastKnownFileType = sourcecode.c.h; path = AFNetworkReachabilityManager.h; sourceTree = "<group>"; };
		9FF8FEA31E8150CD0060818D /* AFNetworkReachabilityManager.m */ = {isa = PBXFileReference; fileEncoding = 4; lastKnownFileType = sourcecode.c.objc; path = AFNetworkReachabilityManager.m; sourceTree = "<group>"; };
		9FF8FEA41E8150CD0060818D /* AFSecurityPolicy.h */ = {isa = PBXFileReference; fileEncoding = 4; lastKnownFileType = sourcecode.c.h; path = AFSecurityPolicy.h; sourceTree = "<group>"; };
		9FF8FEA51E8150CD0060818D /* AFSecurityPolicy.m */ = {isa = PBXFileReference; fileEncoding = 4; lastKnownFileType = sourcecode.c.objc; path = AFSecurityPolicy.m; sourceTree = "<group>"; };
		9FF8FEA61E8150CD0060818D /* AFURLRequestSerialization.h */ = {isa = PBXFileReference; fileEncoding = 4; lastKnownFileType = sourcecode.c.h; path = AFURLRequestSerialization.h; sourceTree = "<group>"; };
		9FF8FEA71E8150CD0060818D /* AFURLRequestSerialization.m */ = {isa = PBXFileReference; fileEncoding = 4; lastKnownFileType = sourcecode.c.objc; path = AFURLRequestSerialization.m; sourceTree = "<group>"; };
		9FF8FEA81E8150CD0060818D /* AFURLResponseSerialization.h */ = {isa = PBXFileReference; fileEncoding = 4; lastKnownFileType = sourcecode.c.h; path = AFURLResponseSerialization.h; sourceTree = "<group>"; };
		9FF8FEA91E8150CD0060818D /* AFURLResponseSerialization.m */ = {isa = PBXFileReference; fileEncoding = 4; lastKnownFileType = sourcecode.c.objc; path = AFURLResponseSerialization.m; sourceTree = "<group>"; };
		9FF8FEAA1E8150CD0060818D /* AFURLSessionManager.h */ = {isa = PBXFileReference; fileEncoding = 4; lastKnownFileType = sourcecode.c.h; path = AFURLSessionManager.h; sourceTree = "<group>"; };
		9FF8FEAB1E8150CD0060818D /* AFURLSessionManager.m */ = {isa = PBXFileReference; fileEncoding = 4; lastKnownFileType = sourcecode.c.objc; path = AFURLSessionManager.m; sourceTree = "<group>"; };
		9FF8FEAD1E8150CD0060818D /* MASCompositeConstraint.h */ = {isa = PBXFileReference; fileEncoding = 4; lastKnownFileType = sourcecode.c.h; path = MASCompositeConstraint.h; sourceTree = "<group>"; };
		9FF8FEAE1E8150CD0060818D /* MASCompositeConstraint.m */ = {isa = PBXFileReference; fileEncoding = 4; lastKnownFileType = sourcecode.c.objc; path = MASCompositeConstraint.m; sourceTree = "<group>"; };
		9FF8FEAF1E8150CD0060818D /* MASConstraint+Private.h */ = {isa = PBXFileReference; fileEncoding = 4; lastKnownFileType = sourcecode.c.h; path = "MASConstraint+Private.h"; sourceTree = "<group>"; };
		9FF8FEB01E8150CD0060818D /* MASConstraint.h */ = {isa = PBXFileReference; fileEncoding = 4; lastKnownFileType = sourcecode.c.h; path = MASConstraint.h; sourceTree = "<group>"; };
		9FF8FEB11E8150CD0060818D /* MASConstraint.m */ = {isa = PBXFileReference; fileEncoding = 4; lastKnownFileType = sourcecode.c.objc; path = MASConstraint.m; sourceTree = "<group>"; };
		9FF8FEB21E8150CD0060818D /* MASConstraintMaker.h */ = {isa = PBXFileReference; fileEncoding = 4; lastKnownFileType = sourcecode.c.h; path = MASConstraintMaker.h; sourceTree = "<group>"; };
		9FF8FEB31E8150CD0060818D /* MASConstraintMaker.m */ = {isa = PBXFileReference; fileEncoding = 4; lastKnownFileType = sourcecode.c.objc; path = MASConstraintMaker.m; sourceTree = "<group>"; };
		9FF8FEB41E8150CD0060818D /* MASLayoutConstraint.h */ = {isa = PBXFileReference; fileEncoding = 4; lastKnownFileType = sourcecode.c.h; path = MASLayoutConstraint.h; sourceTree = "<group>"; };
		9FF8FEB51E8150CD0060818D /* MASLayoutConstraint.m */ = {isa = PBXFileReference; fileEncoding = 4; lastKnownFileType = sourcecode.c.objc; path = MASLayoutConstraint.m; sourceTree = "<group>"; };
		9FF8FEB61E8150CD0060818D /* Masonry.h */ = {isa = PBXFileReference; fileEncoding = 4; lastKnownFileType = sourcecode.c.h; path = Masonry.h; sourceTree = "<group>"; };
		9FF8FEB71E8150CD0060818D /* MASUtilities.h */ = {isa = PBXFileReference; fileEncoding = 4; lastKnownFileType = sourcecode.c.h; path = MASUtilities.h; sourceTree = "<group>"; };
		9FF8FEB81E8150CD0060818D /* MASViewAttribute.h */ = {isa = PBXFileReference; fileEncoding = 4; lastKnownFileType = sourcecode.c.h; path = MASViewAttribute.h; sourceTree = "<group>"; };
		9FF8FEB91E8150CD0060818D /* MASViewAttribute.m */ = {isa = PBXFileReference; fileEncoding = 4; lastKnownFileType = sourcecode.c.objc; path = MASViewAttribute.m; sourceTree = "<group>"; };
		9FF8FEBA1E8150CD0060818D /* MASViewConstraint.h */ = {isa = PBXFileReference; fileEncoding = 4; lastKnownFileType = sourcecode.c.h; path = MASViewConstraint.h; sourceTree = "<group>"; };
		9FF8FEBB1E8150CD0060818D /* MASViewConstraint.m */ = {isa = PBXFileReference; fileEncoding = 4; lastKnownFileType = sourcecode.c.objc; path = MASViewConstraint.m; sourceTree = "<group>"; };
		9FF8FEBC1E8150CD0060818D /* NSArray+MASAdditions.h */ = {isa = PBXFileReference; fileEncoding = 4; lastKnownFileType = sourcecode.c.h; path = "NSArray+MASAdditions.h"; sourceTree = "<group>"; };
		9FF8FEBD1E8150CD0060818D /* NSArray+MASAdditions.m */ = {isa = PBXFileReference; fileEncoding = 4; lastKnownFileType = sourcecode.c.objc; path = "NSArray+MASAdditions.m"; sourceTree = "<group>"; };
		9FF8FEBE1E8150CD0060818D /* NSArray+MASShorthandAdditions.h */ = {isa = PBXFileReference; fileEncoding = 4; lastKnownFileType = sourcecode.c.h; path = "NSArray+MASShorthandAdditions.h"; sourceTree = "<group>"; };
		9FF8FEBF1E8150CD0060818D /* NSLayoutConstraint+MASDebugAdditions.h */ = {isa = PBXFileReference; fileEncoding = 4; lastKnownFileType = sourcecode.c.h; path = "NSLayoutConstraint+MASDebugAdditions.h"; sourceTree = "<group>"; };
		9FF8FEC01E8150CD0060818D /* NSLayoutConstraint+MASDebugAdditions.m */ = {isa = PBXFileReference; fileEncoding = 4; lastKnownFileType = sourcecode.c.objc; path = "NSLayoutConstraint+MASDebugAdditions.m"; sourceTree = "<group>"; };
		9FF8FEC11E8150CD0060818D /* View+MASAdditions.h */ = {isa = PBXFileReference; fileEncoding = 4; lastKnownFileType = sourcecode.c.h; path = "View+MASAdditions.h"; sourceTree = "<group>"; };
		9FF8FEC21E8150CD0060818D /* View+MASAdditions.m */ = {isa = PBXFileReference; fileEncoding = 4; lastKnownFileType = sourcecode.c.objc; path = "View+MASAdditions.m"; sourceTree = "<group>"; };
		9FF8FEC31E8150CD0060818D /* View+MASShorthandAdditions.h */ = {isa = PBXFileReference; fileEncoding = 4; lastKnownFileType = sourcecode.c.h; path = "View+MASShorthandAdditions.h"; sourceTree = "<group>"; };
		9FF8FEC41E8150CD0060818D /* ViewController+MASAdditions.h */ = {isa = PBXFileReference; fileEncoding = 4; lastKnownFileType = sourcecode.c.h; path = "ViewController+MASAdditions.h"; sourceTree = "<group>"; };
		9FF8FEC51E8150CD0060818D /* ViewController+MASAdditions.m */ = {isa = PBXFileReference; fileEncoding = 4; lastKnownFileType = sourcecode.c.objc; path = "ViewController+MASAdditions.m"; sourceTree = "<group>"; };
		9FF8FEC71E8150CD0060818D /* SVIndefiniteAnimatedView.h */ = {isa = PBXFileReference; fileEncoding = 4; lastKnownFileType = sourcecode.c.h; path = SVIndefiniteAnimatedView.h; sourceTree = "<group>"; };
		9FF8FEC81E8150CD0060818D /* SVIndefiniteAnimatedView.m */ = {isa = PBXFileReference; fileEncoding = 4; lastKnownFileType = sourcecode.c.objc; path = SVIndefiniteAnimatedView.m; sourceTree = "<group>"; };
		9FF8FEC91E8150CD0060818D /* SVProgressAnimatedView.h */ = {isa = PBXFileReference; fileEncoding = 4; lastKnownFileType = sourcecode.c.h; path = SVProgressAnimatedView.h; sourceTree = "<group>"; };
		9FF8FECA1E8150CD0060818D /* SVProgressAnimatedView.m */ = {isa = PBXFileReference; fileEncoding = 4; lastKnownFileType = sourcecode.c.objc; path = SVProgressAnimatedView.m; sourceTree = "<group>"; };
		9FF8FECB1E8150CD0060818D /* SVProgressHUD-Prefix.pch */ = {isa = PBXFileReference; fileEncoding = 4; lastKnownFileType = sourcecode.c.h; path = "SVProgressHUD-Prefix.pch"; sourceTree = "<group>"; };
		9FF8FECC1E8150CD0060818D /* SVProgressHUD.bundle */ = {isa = PBXFileReference; lastKnownFileType = "wrapper.plug-in"; path = SVProgressHUD.bundle; sourceTree = "<group>"; };
		9FF8FECD1E8150CD0060818D /* SVProgressHUD.h */ = {isa = PBXFileReference; fileEncoding = 4; lastKnownFileType = sourcecode.c.h; path = SVProgressHUD.h; sourceTree = "<group>"; };
		9FF8FECE1E8150CD0060818D /* SVProgressHUD.m */ = {isa = PBXFileReference; fileEncoding = 4; lastKnownFileType = sourcecode.c.objc; path = SVProgressHUD.m; sourceTree = "<group>"; };
		9FF8FECF1E8150CD0060818D /* SVRadialGradientLayer.h */ = {isa = PBXFileReference; fileEncoding = 4; lastKnownFileType = sourcecode.c.h; path = SVRadialGradientLayer.h; sourceTree = "<group>"; };
		9FF8FED01E8150CD0060818D /* SVRadialGradientLayer.m */ = {isa = PBXFileReference; fileEncoding = 4; lastKnownFileType = sourcecode.c.objc; path = SVRadialGradientLayer.m; sourceTree = "<group>"; };
		9FF8FF261E8151680060818D /* PrefixHeader.pch */ = {isa = PBXFileReference; lastKnownFileType = sourcecode.c.h; path = PrefixHeader.pch; sourceTree = "<group>"; };
		9FF8FF2C1E8152800060818D /* MainViewController.h */ = {isa = PBXFileReference; fileEncoding = 4; lastKnownFileType = sourcecode.c.h; path = MainViewController.h; sourceTree = "<group>"; };
		9FF8FF2D1E8152800060818D /* MainViewController.m */ = {isa = PBXFileReference; fileEncoding = 4; lastKnownFileType = sourcecode.c.objc; path = MainViewController.m; sourceTree = "<group>"; };
		9FF8FF301E8154410060818D /* StoryCell.h */ = {isa = PBXFileReference; fileEncoding = 4; lastKnownFileType = sourcecode.c.h; path = StoryCell.h; sourceTree = "<group>"; };
		9FF8FF311E8154410060818D /* StoryCell.m */ = {isa = PBXFileReference; fileEncoding = 4; lastKnownFileType = sourcecode.c.objc; path = StoryCell.m; sourceTree = "<group>"; };
		9FF8FF321E8154410060818D /* StoryCell.xib */ = {isa = PBXFileReference; fileEncoding = 4; lastKnownFileType = file.xib; path = StoryCell.xib; sourceTree = "<group>"; };
/* End PBXFileReference section */

/* Begin PBXFrameworksBuildPhase section */
		9FF8FE7F1E8150890060818D /* Frameworks */ = {
			isa = PBXFrameworksBuildPhase;
			buildActionMask = 2147483647;
			files = (
			);
			runOnlyForDeploymentPostprocessing = 0;
		};
/* End PBXFrameworksBuildPhase section */

/* Begin PBXGroup section */
		9FF8FE791E8150890060818D = {
			isa = PBXGroup;
			children = (
				9FF8FE841E8150890060818D /* ZhuHuDaily */,
				9FF8FE831E8150890060818D /* Products */,
			);
			sourceTree = "<group>";
		};
		9FF8FE831E8150890060818D /* Products */ = {
			isa = PBXGroup;
			children = (
				9FF8FE821E8150890060818D /* ZhuHuDaily.app */,
			);
			name = Products;
			sourceTree = "<group>";
		};
		9FF8FE841E8150890060818D /* ZhuHuDaily */ = {
			isa = PBXGroup;
			children = (
				9FF8FE9C1E8150930060818D /* Classes */,
				9FF8FE8E1E8150890060818D /* Main.storyboard */,
				9FF8FE911E8150890060818D /* Assets.xcassets */,
				9FF8FE931E8150890060818D /* LaunchScreen.storyboard */,
				9FF8FE961E8150890060818D /* Info.plist */,
				9FF8FE851E8150890060818D /* Supporting Files */,
			);
			path = ZhuHuDaily;
			sourceTree = "<group>";
		};
		9FF8FE851E8150890060818D /* Supporting Files */ = {
			isa = PBXGroup;
			children = (
				9FF8FE861E8150890060818D /* main.m */,
			);
			name = "Supporting Files";
			sourceTree = "<group>";
		};
		9FF8FE9C1E8150930060818D /* Classes */ = {
			isa = PBXGroup;
			children = (
				9FF8FF2F1E81540D0060818D /* View */,
				9FF8FE881E8150890060818D /* AppDelegate.h */,
				9FF8FE891E8150890060818D /* AppDelegate.m */,
				9FF8FF2B1E81526A0060818D /* Controller */,
				9FF8FF271E81516F0060818D /* Tools */,
				9FF8FE9D1E8150A90060818D /* Libs */,
			);
			name = Classes;
			sourceTree = "<group>";
		};
		9FF8FE9D1E8150A90060818D /* Libs */ = {
			isa = PBXGroup;
			children = (
				9FF8FE9E1E8150CD0060818D /* AFNetworking */,
				9FF8FEAC1E8150CD0060818D /* Masonry */,
				9FF8FEC61E8150CD0060818D /* SVProgressHUD */,
			);
			name = Libs;
			sourceTree = "<group>";
		};
		9FF8FE9E1E8150CD0060818D /* AFNetworking */ = {
			isa = PBXGroup;
			children = (
				9FF8FE9F1E8150CD0060818D /* AFHTTPSessionManager.h */,
				9FF8FEA01E8150CD0060818D /* AFHTTPSessionManager.m */,
				9FF8FEA11E8150CD0060818D /* AFNetworking.h */,
				9FF8FEA21E8150CD0060818D /* AFNetworkReachabilityManager.h */,
				9FF8FEA31E8150CD0060818D /* AFNetworkReachabilityManager.m */,
				9FF8FEA41E8150CD0060818D /* AFSecurityPolicy.h */,
				9FF8FEA51E8150CD0060818D /* AFSecurityPolicy.m */,
				9FF8FEA61E8150CD0060818D /* AFURLRequestSerialization.h */,
				9FF8FEA71E8150CD0060818D /* AFURLRequestSerialization.m */,
				9FF8FEA81E8150CD0060818D /* AFURLResponseSerialization.h */,
				9FF8FEA91E8150CD0060818D /* AFURLResponseSerialization.m */,
				9FF8FEAA1E8150CD0060818D /* AFURLSessionManager.h */,
				9FF8FEAB1E8150CD0060818D /* AFURLSessionManager.m */,
			);
			path = AFNetworking;
			sourceTree = "<group>";
		};
		9FF8FEAC1E8150CD0060818D /* Masonry */ = {
			isa = PBXGroup;
			children = (
				9FF8FEAD1E8150CD0060818D /* MASCompositeConstraint.h */,
				9FF8FEAE1E8150CD0060818D /* MASCompositeConstraint.m */,
				9FF8FEAF1E8150CD0060818D /* MASConstraint+Private.h */,
				9FF8FEB01E8150CD0060818D /* MASConstraint.h */,
				9FF8FEB11E8150CD0060818D /* MASConstraint.m */,
				9FF8FEB21E8150CD0060818D /* MASConstraintMaker.h */,
				9FF8FEB31E8150CD0060818D /* MASConstraintMaker.m */,
				9FF8FEB41E8150CD0060818D /* MASLayoutConstraint.h */,
				9FF8FEB51E8150CD0060818D /* MASLayoutConstraint.m */,
				9FF8FEB61E8150CD0060818D /* Masonry.h */,
				9FF8FEB71E8150CD0060818D /* MASUtilities.h */,
				9FF8FEB81E8150CD0060818D /* MASViewAttribute.h */,
				9FF8FEB91E8150CD0060818D /* MASViewAttribute.m */,
				9FF8FEBA1E8150CD0060818D /* MASViewConstraint.h */,
				9FF8FEBB1E8150CD0060818D /* MASViewConstraint.m */,
				9FF8FEBC1E8150CD0060818D /* NSArray+MASAdditions.h */,
				9FF8FEBD1E8150CD0060818D /* NSArray+MASAdditions.m */,
				9FF8FEBE1E8150CD0060818D /* NSArray+MASShorthandAdditions.h */,
				9FF8FEBF1E8150CD0060818D /* NSLayoutConstraint+MASDebugAdditions.h */,
				9FF8FEC01E8150CD0060818D /* NSLayoutConstraint+MASDebugAdditions.m */,
				9FF8FEC11E8150CD0060818D /* View+MASAdditions.h */,
				9FF8FEC21E8150CD0060818D /* View+MASAdditions.m */,
				9FF8FEC31E8150CD0060818D /* View+MASShorthandAdditions.h */,
				9FF8FEC41E8150CD0060818D /* ViewController+MASAdditions.h */,
				9FF8FEC51E8150CD0060818D /* ViewController+MASAdditions.m */,
			);
			path = Masonry;
			sourceTree = "<group>";
		};
		9FF8FEC61E8150CD0060818D /* SVProgressHUD */ = {
			isa = PBXGroup;
			children = (
				9FF8FEC71E8150CD0060818D /* SVIndefiniteAnimatedView.h */,
				9FF8FEC81E8150CD0060818D /* SVIndefiniteAnimatedView.m */,
				9FF8FEC91E8150CD0060818D /* SVProgressAnimatedView.h */,
				9FF8FECA1E8150CD0060818D /* SVProgressAnimatedView.m */,
				9FF8FECB1E8150CD0060818D /* SVProgressHUD-Prefix.pch */,
				9FF8FECC1E8150CD0060818D /* SVProgressHUD.bundle */,
				9FF8FECD1E8150CD0060818D /* SVProgressHUD.h */,
				9FF8FECE1E8150CD0060818D /* SVProgressHUD.m */,
				9FF8FECF1E8150CD0060818D /* SVRadialGradientLayer.h */,
				9FF8FED01E8150CD0060818D /* SVRadialGradientLayer.m */,
			);
			path = SVProgressHUD;
			sourceTree = "<group>";
		};
		9FF8FF271E81516F0060818D /* Tools */ = {
			isa = PBXGroup;
			children = (
				9FF8FF261E8151680060818D /* PrefixHeader.pch */,
			);
			name = Tools;
			sourceTree = "<group>";
		};
		9FF8FF2B1E81526A0060818D /* Controller */ = {
			isa = PBXGroup;
			children = (
				9FF8FF2C1E8152800060818D /* MainViewController.h */,
				9FF8FF2D1E8152800060818D /* MainViewController.m */,
			);
			name = Controller;
			sourceTree = "<group>";
		};
		9FF8FF2F1E81540D0060818D /* View */ = {
			isa = PBXGroup;
			children = (
				9FF8FF301E8154410060818D /* StoryCell.h */,
				9FF8FF311E8154410060818D /* StoryCell.m */,
				9FF8FF321E8154410060818D /* StoryCell.xib */,
			);
			name = View;
			sourceTree = "<group>";
		};
/* End PBXGroup section */

/* Begin PBXNativeTarget section */
		9FF8FE811E8150890060818D /* ZhuHuDaily */ = {
			isa = PBXNativeTarget;
			buildConfigurationList = 9FF8FE991E8150890060818D /* Build configuration list for PBXNativeTarget "ZhuHuDaily" */;
			buildPhases = (
				9FF8FE7E1E8150890060818D /* Sources */,
				9FF8FE7F1E8150890060818D /* Frameworks */,
				9FF8FE801E8150890060818D /* Resources */,
			);
			buildRules = (
			);
			dependencies = (
			);
			name = ZhuHuDaily;
			productName = ZhuHuDaily;
			productReference = 9FF8FE821E8150890060818D /* ZhuHuDaily.app */;
			productType = "com.apple.product-type.application";
		};
/* End PBXNativeTarget section */

/* Begin PBXProject section */
		9FF8FE7A1E8150890060818D /* Project object */ = {
			isa = PBXProject;
			attributes = {
				LastUpgradeCheck = 0820;
				ORGANIZATIONNAME = Wrappers;
				TargetAttributes = {
					9FF8FE811E8150890060818D = {
						CreatedOnToolsVersion = 8.2.1;
						DevelopmentTeam = 9X3F3UD5EQ;
						ProvisioningStyle = Automatic;
					};
				};
			};
			buildConfigurationList = 9FF8FE7D1E8150890060818D /* Build configuration list for PBXProject "ZhuHuDaily" */;
			compatibilityVersion = "Xcode 3.2";
			developmentRegion = English;
			hasScannedForEncodings = 0;
			knownRegions = (
				en,
				Base,
			);
			mainGroup = 9FF8FE791E8150890060818D;
			productRefGroup = 9FF8FE831E8150890060818D /* Products */;
			projectDirPath = "";
			projectRoot = "";
			targets = (
				9FF8FE811E8150890060818D /* ZhuHuDaily */,
			);
		};
/* End PBXProject section */

/* Begin PBXResourcesBuildPhase section */
		9FF8FE801E8150890060818D /* Resources */ = {
			isa = PBXResourcesBuildPhase;
			buildActionMask = 2147483647;
			files = (
				9FF8FE951E8150890060818D /* LaunchScreen.storyboard in Resources */,
				9FF8FE921E8150890060818D /* Assets.xcassets in Resources */,
				9FF8FE901E8150890060818D /* Main.storyboard in Resources */,
				9FF8FEE31E8150CD0060818D /* SVProgressHUD.bundle in Resources */,
				9FF8FF341E8154410060818D /* StoryCell.xib in Resources */,
			);
			runOnlyForDeploymentPostprocessing = 0;
		};
/* End PBXResourcesBuildPhase section */

/* Begin PBXSourcesBuildPhase section */
		9FF8FE7E1E8150890060818D /* Sources */ = {
			isa = PBXSourcesBuildPhase;
			buildActionMask = 2147483647;
			files = (
				9FF8FEDC1E8150CD0060818D /* MASViewConstraint.m in Sources */,
				9FF8FED61E8150CD0060818D /* AFURLSessionManager.m in Sources */,
				9FF8FEDB1E8150CD0060818D /* MASViewAttribute.m in Sources */,
				9FF8FE8A1E8150890060818D /* AppDelegate.m in Sources */,
				9FF8FED21E8150CD0060818D /* AFNetworkReachabilityManager.m in Sources */,
				9FF8FED71E8150CD0060818D /* MASCompositeConstraint.m in Sources */,
				9FF8FED91E8150CD0060818D /* MASConstraintMaker.m in Sources */,
				9FF8FEE51E8150CD0060818D /* SVRadialGradientLayer.m in Sources */,
				9FF8FEDF1E8150CD0060818D /* View+MASAdditions.m in Sources */,
				9FF8FEE41E8150CD0060818D /* SVProgressHUD.m in Sources */,
				9FF8FEDA1E8150CD0060818D /* MASLayoutConstraint.m in Sources */,
				9FF8FEE01E8150CD0060818D /* ViewController+MASAdditions.m in Sources */,
				9FF8FED81E8150CD0060818D /* MASConstraint.m in Sources */,
				9FF8FE871E8150890060818D /* main.m in Sources */,
				9FF8FF2E1E8152800060818D /* MainViewController.m in Sources */,
				9FF8FED31E8150CD0060818D /* AFSecurityPolicy.m in Sources */,
				9FF8FEDD1E8150CD0060818D /* NSArray+MASAdditions.m in Sources */,
				9FF8FEE11E8150CD0060818D /* SVIndefiniteAnimatedView.m in Sources */,
				9FF8FEDE1E8150CD0060818D /* NSLayoutConstraint+MASDebugAdditions.m in Sources */,
				9FF8FEE21E8150CD0060818D /* SVProgressAnimatedView.m in Sources */,
				9FF8FED41E8150CD0060818D /* AFURLRequestSerialization.m in Sources */,
				9FF8FED51E8150CD0060818D /* AFURLResponseSerialization.m in Sources */,
				9FF8FED11E8150CD0060818D /* AFHTTPSessionManager.m in Sources */,
				9FF8FF331E8154410060818D /* StoryCell.m in Sources */,
			);
			runOnlyForDeploymentPostprocessing = 0;
		};
/* End PBXSourcesBuildPhase section */

/* Begin PBXVariantGroup section */
		9FF8FE8E1E8150890060818D /* Main.storyboard */ = {
			isa = PBXVariantGroup;
			children = (
				9FF8FE8F1E8150890060818D /* Base */,
			);
			name = Main.storyboard;
			sourceTree = "<group>";
		};
		9FF8FE931E8150890060818D /* LaunchScreen.storyboard */ = {
			isa = PBXVariantGroup;
			children = (
				9FF8FE941E8150890060818D /* Base */,
			);
			name = LaunchScreen.storyboard;
			sourceTree = "<group>";
		};
/* End PBXVariantGroup section */

/* Begin XCBuildConfiguration section */
		9FF8FE971E8150890060818D /* Debug */ = {
			isa = XCBuildConfiguration;
			buildSettings = {
				ALWAYS_SEARCH_USER_PATHS = NO;
				CLANG_ANALYZER_NONNULL = YES;
				CLANG_CXX_LANGUAGE_STANDARD = "gnu++0x";
				CLANG_CXX_LIBRARY = "libc++";
				CLANG_ENABLE_MODULES = YES;
				CLANG_ENABLE_OBJC_ARC = YES;
				CLANG_WARN_BOOL_CONVERSION = YES;
				CLANG_WARN_CONSTANT_CONVERSION = YES;
				CLANG_WARN_DIRECT_OBJC_ISA_USAGE = YES_ERROR;
				CLANG_WARN_DOCUMENTATION_COMMENTS = YES;
				CLANG_WARN_EMPTY_BODY = YES;
				CLANG_WARN_ENUM_CONVERSION = YES;
				CLANG_WARN_INFINITE_RECURSION = YES;
				CLANG_WARN_INT_CONVERSION = YES;
				CLANG_WARN_OBJC_ROOT_CLASS = YES_ERROR;
				CLANG_WARN_SUSPICIOUS_MOVE = YES;
				CLANG_WARN_UNREACHABLE_CODE = YES;
				CLANG_WARN__DUPLICATE_METHOD_MATCH = YES;
				"CODE_SIGN_IDENTITY[sdk=iphoneos*]" = "iPhone Developer";
				COPY_PHASE_STRIP = NO;
				DEBUG_INFORMATION_FORMAT = dwarf;
				ENABLE_STRICT_OBJC_MSGSEND = YES;
				ENABLE_TESTABILITY = YES;
				GCC_C_LANGUAGE_STANDARD = gnu99;
				GCC_DYNAMIC_NO_PIC = NO;
				GCC_NO_COMMON_BLOCKS = YES;
				GCC_OPTIMIZATION_LEVEL = 0;
				GCC_PRECOMPILE_PREFIX_HEADER = YES;
				GCC_PREFIX_HEADER = "$(SRCROOT)/ZhuHuDaily/PrefixHeader.pch";
				GCC_PREPROCESSOR_DEFINITIONS = (
					"DEBUG=1",
					"$(inherited)",
				);
				GCC_WARN_64_TO_32_BIT_CONVERSION = YES;
				GCC_WARN_ABOUT_RETURN_TYPE = YES_ERROR;
				GCC_WARN_UNDECLARED_SELECTOR = YES;
				GCC_WARN_UNINITIALIZED_AUTOS = YES_AGGRESSIVE;
				GCC_WARN_UNUSED_FUNCTION = YES;
				GCC_WARN_UNUSED_VARIABLE = YES;
				IPHONEOS_DEPLOYMENT_TARGET = 10.2;
				MTL_ENABLE_DEBUG_INFO = YES;
				ONLY_ACTIVE_ARCH = YES;
				SDKROOT = iphoneos;
			};
			name = Debug;
		};
		9FF8FE981E8150890060818D /* Release */ = {
			isa = XCBuildConfiguration;
			buildSettings = {
				ALWAYS_SEARCH_USER_PATHS = NO;
				CLANG_ANALYZER_NONNULL = YES;
				CLANG_CXX_LANGUAGE_STANDARD = "gnu++0x";
				CLANG_CXX_LIBRARY = "libc++";
				CLANG_ENABLE_MODULES = YES;
				CLANG_ENABLE_OBJC_ARC = YES;
				CLANG_WARN_BOOL_CONVERSION = YES;
				CLANG_WARN_CONSTANT_CONVERSION = YES;
				CLANG_WARN_DIRECT_OBJC_ISA_USAGE = YES_ERROR;
				CLANG_WARN_DOCUMENTATION_COMMENTS = YES;
				CLANG_WARN_EMPTY_BODY = YES;
				CLANG_WARN_ENUM_CONVERSION = YES;
				CLANG_WARN_INFINITE_RECURSION = YES;
				CLANG_WARN_INT_CONVERSION = YES;
				CLANG_WARN_OBJC_ROOT_CLASS = YES_ERROR;
				CLANG_WARN_SUSPICIOUS_MOVE = YES;
				CLANG_WARN_UNREACHABLE_CODE = YES;
				CLANG_WARN__DUPLICATE_METHOD_MATCH = YES;
				"CODE_SIGN_IDENTITY[sdk=iphoneos*]" = "iPhone Developer";
				COPY_PHASE_STRIP = NO;
				DEBUG_INFORMATION_FORMAT = "dwarf-with-dsym";
				ENABLE_NS_ASSERTIONS = NO;
				ENABLE_STRICT_OBJC_MSGSEND = YES;
				GCC_C_LANGUAGE_STANDARD = gnu99;
				GCC_NO_COMMON_BLOCKS = YES;
				GCC_PRECOMPILE_PREFIX_HEADER = YES;
				GCC_PREFIX_HEADER = "$(SRCROOT)/ZhuHuDaily/PrefixHeader.pch";
				GCC_WARN_64_TO_32_BIT_CONVERSION = YES;
				GCC_WARN_ABOUT_RETURN_TYPE = YES_ERROR;
				GCC_WARN_UNDECLARED_SELECTOR = YES;
				GCC_WARN_UNINITIALIZED_AUTOS = YES_AGGRESSIVE;
				GCC_WARN_UNUSED_FUNCTION = YES;
				GCC_WARN_UNUSED_VARIABLE = YES;
				IPHONEOS_DEPLOYMENT_TARGET = 10.2;
				MTL_ENABLE_DEBUG_INFO = NO;
				SDKROOT = iphoneos;
				VALIDATE_PRODUCT = YES;
			};
			name = Release;
		};
		9FF8FE9A1E8150890060818D /* Debug */ = {
			isa = XCBuildConfiguration;
			buildSettings = {
				ASSETCATALOG_COMPILER_APPICON_NAME = AppIcon;
				DEVELOPMENT_TEAM = 9X3F3UD5EQ;
				GCC_PRECOMPILE_PREFIX_HEADER = YES;
				GCC_PREFIX_HEADER = "$(SRCROOT)/ZhuHuDaily/PrefixHeader.pch";
				INFOPLIST_FILE = ZhuHuDaily/Info.plist;
				LD_RUNPATH_SEARCH_PATHS = "$(inherited) @executable_path/Frameworks";
				PRODUCT_BUNDLE_IDENTIFIER = com.wrappers.ZhuHuDaily;
				PRODUCT_NAME = "$(TARGET_NAME)";
			};
			name = Debug;
		};
		9FF8FE9B1E8150890060818D /* Release */ = {
			isa = XCBuildConfiguration;
			buildSettings = {
				ASSETCATALOG_COMPILER_APPICON_NAME = AppIcon;
				DEVELOPMENT_TEAM = 9X3F3UD5EQ;
				GCC_PRECOMPILE_PREFIX_HEADER = YES;
				GCC_PREFIX_HEADER = "$(SRCROOT)/ZhuHuDaily/PrefixHeader.pch";
				INFOPLIST_FILE = ZhuHuDaily/Info.plist;
				LD_RUNPATH_SEARCH_PATHS = "$(inherited) @executable_path/Frameworks";
				PRODUCT_BUNDLE_IDENTIFIER = com.wrappers.ZhuHuDaily;
				PRODUCT_NAME = "$(TARGET_NAME)";
			};
			name = Release;
		};
/* End XCBuildConfiguration section */

/* Begin XCConfigurationList section */
		9FF8FE7D1E8150890060818D /* Build configuration list for PBXProject "ZhuHuDaily" */ = {
			isa = XCConfigurationList;
			buildConfigurations = (
				9FF8FE971E8150890060818D /* Debug */,
				9FF8FE981E8150890060818D /* Release */,
			);
			defaultConfigurationIsVisible = 0;
			defaultConfigurationName = Release;
		};
		9FF8FE991E8150890060818D /* Build configuration list for PBXNativeTarget "ZhuHuDaily" */ = {
			isa = XCConfigurationList;
			buildConfigurations = (
				9FF8FE9A1E8150890060818D /* Debug */,
				9FF8FE9B1E8150890060818D /* Release */,
			);
			defaultConfigurationIsVisible = 0;
			defaultConfigurationName = Release;
		};
/* End XCConfigurationList section */
	};
	rootObject = 9FF8FE7A1E8150890060818D /* Project object */;
}
