// !$*UTF8*$!
{
	archiveVersion = 1;
	classes = {
	};
	objectVersion = 46;
	objects = {

/* Begin PBXBuildFile section */
		9F054CE01E894BEB003D5B77 /* TopStoryModel.m in Sources */ = {isa = PBXBuildFile; fileRef = 9F054CDF1E894BEB003D5B77 /* TopStoryModel.m */; };
		9F5F77751E88A68E00824FD0 /* StoryDetailModel.m in Sources */ = {isa = PBXBuildFile; fileRef = 9F5F77741E88A68E00824FD0 /* StoryDetailModel.m */; };
		9F6923E21E84BD4C00F1FF6A /* StoryViewController.m in Sources */ = {isa = PBXBuildFile; fileRef = 9F6923E11E84BD4C00F1FF6A /* StoryViewController.m */; };
		9F6923E61E84D1E800F1FF6A /* ZhuHuNavigationController.m in Sources */ = {isa = PBXBuildFile; fileRef = 9F6923E51E84D1E800F1FF6A /* ZhuHuNavigationController.m */; };
		9F859C411E8A9A39006C9E94 /* StoryCoverView.m in Sources */ = {isa = PBXBuildFile; fileRef = 9F859C401E8A9A39006C9E94 /* StoryCoverView.m */; };
		9F9EE2D61E83A8FB007722DA /* DateSectioinView.m in Sources */ = {isa = PBXBuildFile; fileRef = 9F9EE2D51E83A8FB007722DA /* DateSectioinView.m */; };
		9FADFCA91E825ADA00FF52E9 /* ZhuHuViewController.m in Sources */ = {isa = PBXBuildFile; fileRef = 9FADFCA81E825ADA00FF52E9 /* ZhuHuViewController.m */; };
		9FADFCB41E825D1400FF52E9 /* ZYWMenuButton.m in Sources */ = {isa = PBXBuildFile; fileRef = 9FADFCAF1E825D1400FF52E9 /* ZYWMenuButton.m */; };
		9FADFCB51E825D1400FF52E9 /* ZYWMenuView.m in Sources */ = {isa = PBXBuildFile; fileRef = 9FADFCB11E825D1400FF52E9 /* ZYWMenuView.m */; };
		9FADFCB61E825D1400FF52E9 /* ZYWMenuViewController.m in Sources */ = {isa = PBXBuildFile; fileRef = 9FADFCB31E825D1400FF52E9 /* ZYWMenuViewController.m */; };
		9FADFCE61E82668E00FF52E9 /* MJRefreshAutoFooter.m in Sources */ = {isa = PBXBuildFile; fileRef = 9FADFCBA1E82668E00FF52E9 /* MJRefreshAutoFooter.m */; };
		9FADFCE71E82668E00FF52E9 /* MJRefreshBackFooter.m in Sources */ = {isa = PBXBuildFile; fileRef = 9FADFCBC1E82668E00FF52E9 /* MJRefreshBackFooter.m */; };
		9FADFCE81E82668E00FF52E9 /* MJRefreshComponent.m in Sources */ = {isa = PBXBuildFile; fileRef = 9FADFCBE1E82668E00FF52E9 /* MJRefreshComponent.m */; };
		9FADFCE91E82668E00FF52E9 /* MJRefreshFooter.m in Sources */ = {isa = PBXBuildFile; fileRef = 9FADFCC01E82668E00FF52E9 /* MJRefreshFooter.m */; };
		9FADFCEA1E82668E00FF52E9 /* MJRefreshHeader.m in Sources */ = {isa = PBXBuildFile; fileRef = 9FADFCC21E82668E00FF52E9 /* MJRefreshHeader.m */; };
		9FADFCEB1E82668E00FF52E9 /* MJRefreshAutoGifFooter.m in Sources */ = {isa = PBXBuildFile; fileRef = 9FADFCC71E82668E00FF52E9 /* MJRefreshAutoGifFooter.m */; };
		9FADFCEC1E82668E00FF52E9 /* MJRefreshAutoNormalFooter.m in Sources */ = {isa = PBXBuildFile; fileRef = 9FADFCC91E82668E00FF52E9 /* MJRefreshAutoNormalFooter.m */; };
		9FADFCED1E82668E00FF52E9 /* MJRefreshAutoStateFooter.m in Sources */ = {isa = PBXBuildFile; fileRef = 9FADFCCB1E82668E00FF52E9 /* MJRefreshAutoStateFooter.m */; };
		9FADFCEE1E82668E00FF52E9 /* MJRefreshBackGifFooter.m in Sources */ = {isa = PBXBuildFile; fileRef = 9FADFCCE1E82668E00FF52E9 /* MJRefreshBackGifFooter.m */; };
		9FADFCEF1E82668E00FF52E9 /* MJRefreshBackNormalFooter.m in Sources */ = {isa = PBXBuildFile; fileRef = 9FADFCD01E82668E00FF52E9 /* MJRefreshBackNormalFooter.m */; };
		9FADFCF01E82668E00FF52E9 /* MJRefreshBackStateFooter.m in Sources */ = {isa = PBXBuildFile; fileRef = 9FADFCD21E82668E00FF52E9 /* MJRefreshBackStateFooter.m */; };
		9FADFCF11E82668E00FF52E9 /* MJRefreshGifHeader.m in Sources */ = {isa = PBXBuildFile; fileRef = 9FADFCD51E82668E00FF52E9 /* MJRefreshGifHeader.m */; };
		9FADFCF21E82668E00FF52E9 /* MJRefreshNormalHeader.m in Sources */ = {isa = PBXBuildFile; fileRef = 9FADFCD71E82668E00FF52E9 /* MJRefreshNormalHeader.m */; };
		9FADFCF31E82668E00FF52E9 /* MJRefreshStateHeader.m in Sources */ = {isa = PBXBuildFile; fileRef = 9FADFCD91E82668E00FF52E9 /* MJRefreshStateHeader.m */; };
		9FADFCF41E82668E00FF52E9 /* MJRefresh.bundle in Resources */ = {isa = PBXBuildFile; fileRef = 9FADFCDA1E82668E00FF52E9 /* MJRefresh.bundle */; };
		9FADFCF51E82668E00FF52E9 /* MJRefreshConst.m in Sources */ = {isa = PBXBuildFile; fileRef = 9FADFCDD1E82668E00FF52E9 /* MJRefreshConst.m */; };
		9FADFCF61E82668E00FF52E9 /* NSBundle+MJRefresh.m in Sources */ = {isa = PBXBuildFile; fileRef = 9FADFCDF1E82668E00FF52E9 /* NSBundle+MJRefresh.m */; };
		9FADFCF71E82668E00FF52E9 /* UIScrollView+MJExtension.m in Sources */ = {isa = PBXBuildFile; fileRef = 9FADFCE11E82668E00FF52E9 /* UIScrollView+MJExtension.m */; };
		9FADFCF81E82668E00FF52E9 /* UIScrollView+MJRefresh.m in Sources */ = {isa = PBXBuildFile; fileRef = 9FADFCE31E82668E00FF52E9 /* UIScrollView+MJRefresh.m */; };
		9FADFCF91E82668E00FF52E9 /* UIView+MJExtension.m in Sources */ = {isa = PBXBuildFile; fileRef = 9FADFCE51E82668E00FF52E9 /* UIView+MJExtension.m */; };
		9FADFCFC1E82690E00FF52E9 /* NetworkTool.m in Sources */ = {isa = PBXBuildFile; fileRef = 9FADFCFB1E82690E00FF52E9 /* NetworkTool.m */; };
		9FADFD001E826A3F00FF52E9 /* StoryModel.m in Sources */ = {isa = PBXBuildFile; fileRef = 9FADFCFF1E826A3F00FF52E9 /* StoryModel.m */; };
		9FD08D071E8365DF008B5F69 /* TopStoryView.m in Sources */ = {isa = PBXBuildFile; fileRef = 9FD08D061E8365DF008B5F69 /* TopStoryView.m */; };
		9FE85AAB1E84A31C008C8592 /* DateTool.m in Sources */ = {isa = PBXBuildFile; fileRef = 9FE85AAA1E84A31C008C8592 /* DateTool.m */; };
		9FED3BEB1E8C8C6500259812 /* YYCache.m in Sources */ = {isa = PBXBuildFile; fileRef = 9FED3BE41E8C8C6500259812 /* YYCache.m */; };
		9FED3BEC1E8C8C6500259812 /* YYDiskCache.m in Sources */ = {isa = PBXBuildFile; fileRef = 9FED3BE61E8C8C6500259812 /* YYDiskCache.m */; };
		9FED3BED1E8C8C6500259812 /* YYKVStorage.m in Sources */ = {isa = PBXBuildFile; fileRef = 9FED3BE81E8C8C6500259812 /* YYKVStorage.m */; };
		9FED3BEE1E8C8C6500259812 /* YYMemoryCache.m in Sources */ = {isa = PBXBuildFile; fileRef = 9FED3BEA1E8C8C6500259812 /* YYMemoryCache.m */; };
		9FED3BF11E8C8EA400259812 /* libsqlite3.tbd in Frameworks */ = {isa = PBXBuildFile; fileRef = 9FED3BF01E8C8EA400259812 /* libsqlite3.tbd */; };
		9FF0896A1E8B8A20004DB82F /* UINavigationBar+Awesome.m in Sources */ = {isa = PBXBuildFile; fileRef = 9FF089691E8B8A20004DB82F /* UINavigationBar+Awesome.m */; };
		9FF8FE871E8150890060818D /* main.m in Sources */ = {isa = PBXBuildFile; fileRef = 9FF8FE861E8150890060818D /* main.m */; };
		9FF8FE8A1E8150890060818D /* AppDelegate.m in Sources */ = {isa = PBXBuildFile; fileRef = 9FF8FE891E8150890060818D /* AppDelegate.m */; };
		9FF8FE901E8150890060818D /* Main.storyboard in Resources */ = {isa = PBXBuildFile; fileRef = 9FF8FE8E1E8150890060818D /* Main.storyboard */; };
		9FF8FE921E8150890060818D /* Assets.xcassets in Resources */ = {isa = PBXBuildFile; fileRef = 9FF8FE911E8150890060818D /* Assets.xcassets */; };
		9FF8FE951E8150890060818D /* LaunchScreen.storyboard in Resources */ = {isa = PBXBuildFile; fileRef = 9FF8FE931E8150890060818D /* LaunchScreen.storyboard */; };
		9FF8FED11E8150CD0060818D /* AFHTTPSessionManager.m in Sources */ = {isa = PBXBuildFile; fileRef = 9FF8FEA01E8150CD0060818D /* AFHTTPSessionManager.m */; };
		9FF8FED21E8150CD0060818D /* AFNetworkReachabilityManager.m in Sources */ = {isa = PBXBuildFile; fileRef = 9FF8FEA31E8150CD0060818D /* AFNetworkReachabilityManager.m */; };
		9FF8FED31E8150CD0060818D /* AFSecurityPolicy.m in Sources */ = {isa = PBXBuildFile; fileRef = 9FF8FEA51E8150CD0060818D /* AFSecurityPolicy.m */; };
		9FF8FED41E8150CD0060818D /* AFURLRequestSerialization.m in Sources */ = {isa = PBXBuildFile; fileRef = 9FF8FEA71E8150CD0060818D /* AFURLRequestSerialization.m */; };
		9FF8FED51E8150CD0060818D /* AFURLResponseSerialization.m in Sources */ = {isa = PBXBuildFile; fileRef = 9FF8FEA91E8150CD0060818D /* AFURLResponseSerialization.m */; };
		9FF8FED61E8150CD0060818D /* AFURLSessionManager.m in Sources */ = {isa = PBXBuildFile; fileRef = 9FF8FEAB1E8150CD0060818D /* AFURLSessionManager.m */; };
		9FF8FED71E8150CD0060818D /* MASCompositeConstraint.m in Sources */ = {isa = PBXBuildFile; fileRef = 9FF8FEAE1E8150CD0060818D /* MASCompositeConstraint.m */; };
		9FF8FED81E8150CD0060818D /* MASConstraint.m in Sources */ = {isa = PBXBuildFile; fileRef = 9FF8FEB11E8150CD0060818D /* MASConstraint.m */; };
		9FF8FED91E8150CD0060818D /* MASConstraintMaker.m in Sources */ = {isa = PBXBuildFile; fileRef = 9FF8FEB31E8150CD0060818D /* MASConstraintMaker.m */; };
		9FF8FEDA1E8150CD0060818D /* MASLayoutConstraint.m in Sources */ = {isa = PBXBuildFile; fileRef = 9FF8FEB51E8150CD0060818D /* MASLayoutConstraint.m */; };
		9FF8FEDB1E8150CD0060818D /* MASViewAttribute.m in Sources */ = {isa = PBXBuildFile; fileRef = 9FF8FEB91E8150CD0060818D /* MASViewAttribute.m */; };
		9FF8FEDC1E8150CD0060818D /* MASViewConstraint.m in Sources */ = {isa = PBXBuildFile; fileRef = 9FF8FEBB1E8150CD0060818D /* MASViewConstraint.m */; };
		9FF8FEDD1E8150CD0060818D /* NSArray+MASAdditions.m in Sources */ = {isa = PBXBuildFile; fileRef = 9FF8FEBD1E8150CD0060818D /* NSArray+MASAdditions.m */; };
		9FF8FEDE1E8150CD0060818D /* NSLayoutConstraint+MASDebugAdditions.m in Sources */ = {isa = PBXBuildFile; fileRef = 9FF8FEC01E8150CD0060818D /* NSLayoutConstraint+MASDebugAdditions.m */; };
		9FF8FEDF1E8150CD0060818D /* View+MASAdditions.m in Sources */ = {isa = PBXBuildFile; fileRef = 9FF8FEC21E8150CD0060818D /* View+MASAdditions.m */; };
		9FF8FEE01E8150CD0060818D /* ViewController+MASAdditions.m in Sources */ = {isa = PBXBuildFile; fileRef = 9FF8FEC51E8150CD0060818D /* ViewController+MASAdditions.m */; };
		9FF8FEE11E8150CD0060818D /* SVIndefiniteAnimatedView.m in Sources */ = {isa = PBXBuildFile; fileRef = 9FF8FEC81E8150CD0060818D /* SVIndefiniteAnimatedView.m */; };
		9FF8FEE21E8150CD0060818D /* SVProgressAnimatedView.m in Sources */ = {isa = PBXBuildFile; fileRef = 9FF8FECA1E8150CD0060818D /* SVProgressAnimatedView.m */; };
		9FF8FEE31E8150CD0060818D /* SVProgressHUD.bundle in Resources */ = {isa = PBXBuildFile; fileRef = 9FF8FECC1E8150CD0060818D /* SVProgressHUD.bundle */; };
		9FF8FEE41E8150CD0060818D /* SVProgressHUD.m in Sources */ = {isa = PBXBuildFile; fileRef = 9FF8FECE1E8150CD0060818D /* SVProgressHUD.m */; };
		9FF8FEE51E8150CD0060818D /* SVRadialGradientLayer.m in Sources */ = {isa = PBXBuildFile; fileRef = 9FF8FED01E8150CD0060818D /* SVRadialGradientLayer.m */; };
		9FF8FF331E8154410060818D /* StoryCell.m in Sources */ = {isa = PBXBuildFile; fileRef = 9FF8FF311E8154410060818D /* StoryCell.m */; };
		9FF8FF341E8154410060818D /* StoryCell.xib in Resources */ = {isa = PBXBuildFile; fileRef = 9FF8FF321E8154410060818D /* StoryCell.xib */; };
		9FF907C91E82B1EE00774312 /* Info.plist in Resources */ = {isa = PBXBuildFile; fileRef = 9FF907B31E82B1EE00774312 /* Info.plist */; };
		9FF907CA1E82B1EE00774312 /* MJExtensionConst.m in Sources */ = {isa = PBXBuildFile; fileRef = 9FF907B61E82B1EE00774312 /* MJExtensionConst.m */; };
		9FF907CB1E82B1EE00774312 /* MJFoundation.m in Sources */ = {isa = PBXBuildFile; fileRef = 9FF907B81E82B1EE00774312 /* MJFoundation.m */; };
		9FF907CC1E82B1EE00774312 /* MJProperty.m in Sources */ = {isa = PBXBuildFile; fileRef = 9FF907BA1E82B1EE00774312 /* MJProperty.m */; };
		9FF907CD1E82B1EE00774312 /* MJPropertyKey.m in Sources */ = {isa = PBXBuildFile; fileRef = 9FF907BC1E82B1EE00774312 /* MJPropertyKey.m */; };
		9FF907CE1E82B1EE00774312 /* MJPropertyType.m in Sources */ = {isa = PBXBuildFile; fileRef = 9FF907BE1E82B1EE00774312 /* MJPropertyType.m */; };
		9FF907CF1E82B1EE00774312 /* NSObject+MJClass.m in Sources */ = {isa = PBXBuildFile; fileRef = 9FF907C01E82B1EE00774312 /* NSObject+MJClass.m */; };
		9FF907D01E82B1EE00774312 /* NSObject+MJCoding.m in Sources */ = {isa = PBXBuildFile; fileRef = 9FF907C21E82B1EE00774312 /* NSObject+MJCoding.m */; };
		9FF907D11E82B1EE00774312 /* NSObject+MJKeyValue.m in Sources */ = {isa = PBXBuildFile; fileRef = 9FF907C41E82B1EE00774312 /* NSObject+MJKeyValue.m */; };
		9FF907D21E82B1EE00774312 /* NSObject+MJProperty.m in Sources */ = {isa = PBXBuildFile; fileRef = 9FF907C61E82B1EE00774312 /* NSObject+MJProperty.m */; };
		9FF907D31E82B1EE00774312 /* NSString+MJExtension.m in Sources */ = {isa = PBXBuildFile; fileRef = 9FF907C81E82B1EE00774312 /* NSString+MJExtension.m */; };
		9FF907FF1E82BCE500774312 /* FLAnimatedImageView+WebCache.m in Sources */ = {isa = PBXBuildFile; fileRef = 9FF907D71E82BCE500774312 /* FLAnimatedImageView+WebCache.m */; };
		9FF908001E82BCE500774312 /* MKAnnotationView+WebCache.m in Sources */ = {isa = PBXBuildFile; fileRef = 9FF907D91E82BCE500774312 /* MKAnnotationView+WebCache.m */; };
		9FF908011E82BCE500774312 /* NSData+ImageContentType.m in Sources */ = {isa = PBXBuildFile; fileRef = 9FF907DB1E82BCE500774312 /* NSData+ImageContentType.m */; };
		9FF908021E82BCE500774312 /* NSImage+WebCache.m in Sources */ = {isa = PBXBuildFile; fileRef = 9FF907DD1E82BCE500774312 /* NSImage+WebCache.m */; };
		9FF908031E82BCE500774312 /* SDImageCache.m in Sources */ = {isa = PBXBuildFile; fileRef = 9FF907DF1E82BCE500774312 /* SDImageCache.m */; };
		9FF908041E82BCE500774312 /* SDImageCacheConfig.m in Sources */ = {isa = PBXBuildFile; fileRef = 9FF907E11E82BCE500774312 /* SDImageCacheConfig.m */; };
		9FF908051E82BCE500774312 /* SDWebImageCompat.m in Sources */ = {isa = PBXBuildFile; fileRef = 9FF907E31E82BCE500774312 /* SDWebImageCompat.m */; };
		9FF908061E82BCE500774312 /* SDWebImageDecoder.m in Sources */ = {isa = PBXBuildFile; fileRef = 9FF907E51E82BCE500774312 /* SDWebImageDecoder.m */; };
		9FF908071E82BCE500774312 /* SDWebImageDownloader.m in Sources */ = {isa = PBXBuildFile; fileRef = 9FF907E71E82BCE500774312 /* SDWebImageDownloader.m */; };
		9FF908081E82BCE500774312 /* SDWebImageDownloaderOperation.m in Sources */ = {isa = PBXBuildFile; fileRef = 9FF907E91E82BCE500774312 /* SDWebImageDownloaderOperation.m */; };
		9FF908091E82BCE500774312 /* SDWebImageManager.m in Sources */ = {isa = PBXBuildFile; fileRef = 9FF907EB1E82BCE500774312 /* SDWebImageManager.m */; };
		9FF9080A1E82BCE500774312 /* SDWebImagePrefetcher.m in Sources */ = {isa = PBXBuildFile; fileRef = 9FF907EE1E82BCE500774312 /* SDWebImagePrefetcher.m */; };
		9FF9080B1E82BCE500774312 /* UIButton+WebCache.m in Sources */ = {isa = PBXBuildFile; fileRef = 9FF907F01E82BCE500774312 /* UIButton+WebCache.m */; };
		9FF9080C1E82BCE500774312 /* UIImage+GIF.m in Sources */ = {isa = PBXBuildFile; fileRef = 9FF907F21E82BCE500774312 /* UIImage+GIF.m */; };
		9FF9080D1E82BCE500774312 /* UIImage+MultiFormat.m in Sources */ = {isa = PBXBuildFile; fileRef = 9FF907F41E82BCE500774312 /* UIImage+MultiFormat.m */; };
		9FF9080E1E82BCE500774312 /* UIImage+WebP.m in Sources */ = {isa = PBXBuildFile; fileRef = 9FF907F61E82BCE500774312 /* UIImage+WebP.m */; };
		9FF9080F1E82BCE500774312 /* UIImageView+HighlightedWebCache.m in Sources */ = {isa = PBXBuildFile; fileRef = 9FF907F81E82BCE500774312 /* UIImageView+HighlightedWebCache.m */; };
		9FF908101E82BCE500774312 /* UIImageView+WebCache.m in Sources */ = {isa = PBXBuildFile; fileRef = 9FF907FA1E82BCE500774312 /* UIImageView+WebCache.m */; };
		9FF908111E82BCE500774312 /* UIView+WebCache.m in Sources */ = {isa = PBXBuildFile; fileRef = 9FF907FC1E82BCE500774312 /* UIView+WebCache.m */; };
		9FF908121E82BCE500774312 /* UIView+WebCacheOperation.m in Sources */ = {isa = PBXBuildFile; fileRef = 9FF907FE1E82BCE500774312 /* UIView+WebCacheOperation.m */; };
		9FF908191E82BE8A00774312 /* FLAnimatedImage.m in Sources */ = {isa = PBXBuildFile; fileRef = 9FF908151E82BE8A00774312 /* FLAnimatedImage.m */; };
		9FF9081A1E82BE8A00774312 /* FLAnimatedImageView.m in Sources */ = {isa = PBXBuildFile; fileRef = 9FF908171E82BE8A00774312 /* FLAnimatedImageView.m */; };
		9FF9081B1E82BE8A00774312 /* Info.plist in Resources */ = {isa = PBXBuildFile; fileRef = 9FF908181E82BE8A00774312 /* Info.plist */; };
/* End PBXBuildFile section */

/* Begin PBXFileReference section */
		9F054CDE1E894BEB003D5B77 /* TopStoryModel.h */ = {isa = PBXFileReference; fileEncoding = 4; lastKnownFileType = sourcecode.c.h; path = TopStoryModel.h; sourceTree = "<group>"; };
		9F054CDF1E894BEB003D5B77 /* TopStoryModel.m */ = {isa = PBXFileReference; fileEncoding = 4; lastKnownFileType = sourcecode.c.objc; path = TopStoryModel.m; sourceTree = "<group>"; };
		9F5F77731E88A68E00824FD0 /* StoryDetailModel.h */ = {isa = PBXFileReference; fileEncoding = 4; lastKnownFileType = sourcecode.c.h; path = StoryDetailModel.h; sourceTree = "<group>"; };
		9F5F77741E88A68E00824FD0 /* StoryDetailModel.m */ = {isa = PBXFileReference; fileEncoding = 4; lastKnownFileType = sourcecode.c.objc; path = StoryDetailModel.m; sourceTree = "<group>"; };
		9F6923E01E84BD4C00F1FF6A /* StoryViewController.h */ = {isa = PBXFileReference; fileEncoding = 4; lastKnownFileType = sourcecode.c.h; path = StoryViewController.h; sourceTree = "<group>"; };
		9F6923E11E84BD4C00F1FF6A /* StoryViewController.m */ = {isa = PBXFileReference; fileEncoding = 4; lastKnownFileType = sourcecode.c.objc; path = StoryViewController.m; sourceTree = "<group>"; };
		9F6923E41E84D1E800F1FF6A /* ZhuHuNavigationController.h */ = {isa = PBXFileReference; fileEncoding = 4; lastKnownFileType = sourcecode.c.h; path = ZhuHuNavigationController.h; sourceTree = "<group>"; };
		9F6923E51E84D1E800F1FF6A /* ZhuHuNavigationController.m */ = {isa = PBXFileReference; fileEncoding = 4; lastKnownFileType = sourcecode.c.objc; path = ZhuHuNavigationController.m; sourceTree = "<group>"; };
		9F859C3F1E8A9A39006C9E94 /* StoryCoverView.h */ = {isa = PBXFileReference; fileEncoding = 4; lastKnownFileType = sourcecode.c.h; path = StoryCoverView.h; sourceTree = "<group>"; };
		9F859C401E8A9A39006C9E94 /* StoryCoverView.m */ = {isa = PBXFileReference; fileEncoding = 4; lastKnownFileType = sourcecode.c.objc; path = StoryCoverView.m; sourceTree = "<group>"; };
		9F9EE2D41E83A8FB007722DA /* DateSectioinView.h */ = {isa = PBXFileReference; fileEncoding = 4; lastKnownFileType = sourcecode.c.h; path = DateSectioinView.h; sourceTree = "<group>"; };
		9F9EE2D51E83A8FB007722DA /* DateSectioinView.m */ = {isa = PBXFileReference; fileEncoding = 4; lastKnownFileType = sourcecode.c.objc; path = DateSectioinView.m; sourceTree = "<group>"; };
		9FADFCA71E825ADA00FF52E9 /* ZhuHuViewController.h */ = {isa = PBXFileReference; fileEncoding = 4; lastKnownFileType = sourcecode.c.h; path = ZhuHuViewController.h; sourceTree = "<group>"; };
		9FADFCA81E825ADA00FF52E9 /* ZhuHuViewController.m */ = {isa = PBXFileReference; fileEncoding = 4; lastKnownFileType = sourcecode.c.objc; path = ZhuHuViewController.m; sourceTree = "<group>"; };
		9FADFCAE1E825D1400FF52E9 /* ZYWMenuButton.h */ = {isa = PBXFileReference; fileEncoding = 4; lastKnownFileType = sourcecode.c.h; path = ZYWMenuButton.h; sourceTree = "<group>"; };
		9FADFCAF1E825D1400FF52E9 /* ZYWMenuButton.m */ = {isa = PBXFileReference; fileEncoding = 4; lastKnownFileType = sourcecode.c.objc; path = ZYWMenuButton.m; sourceTree = "<group>"; };
		9FADFCB01E825D1400FF52E9 /* ZYWMenuView.h */ = {isa = PBXFileReference; fileEncoding = 4; lastKnownFileType = sourcecode.c.h; path = ZYWMenuView.h; sourceTree = "<group>"; };
		9FADFCB11E825D1400FF52E9 /* ZYWMenuView.m */ = {isa = PBXFileReference; fileEncoding = 4; lastKnownFileType = sourcecode.c.objc; path = ZYWMenuView.m; sourceTree = "<group>"; };
		9FADFCB21E825D1400FF52E9 /* ZYWMenuViewController.h */ = {isa = PBXFileReference; fileEncoding = 4; lastKnownFileType = sourcecode.c.h; path = ZYWMenuViewController.h; sourceTree = "<group>"; };
		9FADFCB31E825D1400FF52E9 /* ZYWMenuViewController.m */ = {isa = PBXFileReference; fileEncoding = 4; lastKnownFileType = sourcecode.c.objc; path = ZYWMenuViewController.m; sourceTree = "<group>"; };
		9FADFCB91E82668E00FF52E9 /* MJRefreshAutoFooter.h */ = {isa = PBXFileReference; fileEncoding = 4; lastKnownFileType = sourcecode.c.h; path = MJRefreshAutoFooter.h; sourceTree = "<group>"; };
		9FADFCBA1E82668E00FF52E9 /* MJRefreshAutoFooter.m */ = {isa = PBXFileReference; fileEncoding = 4; lastKnownFileType = sourcecode.c.objc; path = MJRefreshAutoFooter.m; sourceTree = "<group>"; };
		9FADFCBB1E82668E00FF52E9 /* MJRefreshBackFooter.h */ = {isa = PBXFileReference; fileEncoding = 4; lastKnownFileType = sourcecode.c.h; path = MJRefreshBackFooter.h; sourceTree = "<group>"; };
		9FADFCBC1E82668E00FF52E9 /* MJRefreshBackFooter.m */ = {isa = PBXFileReference; fileEncoding = 4; lastKnownFileType = sourcecode.c.objc; path = MJRefreshBackFooter.m; sourceTree = "<group>"; };
		9FADFCBD1E82668E00FF52E9 /* MJRefreshComponent.h */ = {isa = PBXFileReference; fileEncoding = 4; lastKnownFileType = sourcecode.c.h; path = MJRefreshComponent.h; sourceTree = "<group>"; };
		9FADFCBE1E82668E00FF52E9 /* MJRefreshComponent.m */ = {isa = PBXFileReference; fileEncoding = 4; lastKnownFileType = sourcecode.c.objc; path = MJRefreshComponent.m; sourceTree = "<group>"; };
		9FADFCBF1E82668E00FF52E9 /* MJRefreshFooter.h */ = {isa = PBXFileReference; fileEncoding = 4; lastKnownFileType = sourcecode.c.h; path = MJRefreshFooter.h; sourceTree = "<group>"; };
		9FADFCC01E82668E00FF52E9 /* MJRefreshFooter.m */ = {isa = PBXFileReference; fileEncoding = 4; lastKnownFileType = sourcecode.c.objc; path = MJRefreshFooter.m; sourceTree = "<group>"; };
		9FADFCC11E82668E00FF52E9 /* MJRefreshHeader.h */ = {isa = PBXFileReference; fileEncoding = 4; lastKnownFileType = sourcecode.c.h; path = MJRefreshHeader.h; sourceTree = "<group>"; };
		9FADFCC21E82668E00FF52E9 /* MJRefreshHeader.m */ = {isa = PBXFileReference; fileEncoding = 4; lastKnownFileType = sourcecode.c.objc; path = MJRefreshHeader.m; sourceTree = "<group>"; };
		9FADFCC61E82668E00FF52E9 /* MJRefreshAutoGifFooter.h */ = {isa = PBXFileReference; fileEncoding = 4; lastKnownFileType = sourcecode.c.h; path = MJRefreshAutoGifFooter.h; sourceTree = "<group>"; };
		9FADFCC71E82668E00FF52E9 /* MJRefreshAutoGifFooter.m */ = {isa = PBXFileReference; fileEncoding = 4; lastKnownFileType = sourcecode.c.objc; path = MJRefreshAutoGifFooter.m; sourceTree = "<group>"; };
		9FADFCC81E82668E00FF52E9 /* MJRefreshAutoNormalFooter.h */ = {isa = PBXFileReference; fileEncoding = 4; lastKnownFileType = sourcecode.c.h; path = MJRefreshAutoNormalFooter.h; sourceTree = "<group>"; };
		9FADFCC91E82668E00FF52E9 /* MJRefreshAutoNormalFooter.m */ = {isa = PBXFileReference; fileEncoding = 4; lastKnownFileType = sourcecode.c.objc; path = MJRefreshAutoNormalFooter.m; sourceTree = "<group>"; };
		9FADFCCA1E82668E00FF52E9 /* MJRefreshAutoStateFooter.h */ = {isa = PBXFileReference; fileEncoding = 4; lastKnownFileType = sourcecode.c.h; path = MJRefreshAutoStateFooter.h; sourceTree = "<group>"; };
		9FADFCCB1E82668E00FF52E9 /* MJRefreshAutoStateFooter.m */ = {isa = PBXFileReference; fileEncoding = 4; lastKnownFileType = sourcecode.c.objc; path = MJRefreshAutoStateFooter.m; sourceTree = "<group>"; };
		9FADFCCD1E82668E00FF52E9 /* MJRefreshBackGifFooter.h */ = {isa = PBXFileReference; fileEncoding = 4; lastKnownFileType = sourcecode.c.h; path = MJRefreshBackGifFooter.h; sourceTree = "<group>"; };
		9FADFCCE1E82668E00FF52E9 /* MJRefreshBackGifFooter.m */ = {isa = PBXFileReference; fileEncoding = 4; lastKnownFileType = sourcecode.c.objc; path = MJRefreshBackGifFooter.m; sourceTree = "<group>"; };
		9FADFCCF1E82668E00FF52E9 /* MJRefreshBackNormalFooter.h */ = {isa = PBXFileReference; fileEncoding = 4; lastKnownFileType = sourcecode.c.h; path = MJRefreshBackNormalFooter.h; sourceTree = "<group>"; };
		9FADFCD01E82668E00FF52E9 /* MJRefreshBackNormalFooter.m */ = {isa = PBXFileReference; fileEncoding = 4; lastKnownFileType = sourcecode.c.objc; path = MJRefreshBackNormalFooter.m; sourceTree = "<group>"; };
		9FADFCD11E82668E00FF52E9 /* MJRefreshBackStateFooter.h */ = {isa = PBXFileReference; fileEncoding = 4; lastKnownFileType = sourcecode.c.h; path = MJRefreshBackStateFooter.h; sourceTree = "<group>"; };
		9FADFCD21E82668E00FF52E9 /* MJRefreshBackStateFooter.m */ = {isa = PBXFileReference; fileEncoding = 4; lastKnownFileType = sourcecode.c.objc; path = MJRefreshBackStateFooter.m; sourceTree = "<group>"; };
		9FADFCD41E82668E00FF52E9 /* MJRefreshGifHeader.h */ = {isa = PBXFileReference; fileEncoding = 4; lastKnownFileType = sourcecode.c.h; path = MJRefreshGifHeader.h; sourceTree = "<group>"; };
		9FADFCD51E82668E00FF52E9 /* MJRefreshGifHeader.m */ = {isa = PBXFileReference; fileEncoding = 4; lastKnownFileType = sourcecode.c.objc; path = MJRefreshGifHeader.m; sourceTree = "<group>"; };
		9FADFCD61E82668E00FF52E9 /* MJRefreshNormalHeader.h */ = {isa = PBXFileReference; fileEncoding = 4; lastKnownFileType = sourcecode.c.h; path = MJRefreshNormalHeader.h; sourceTree = "<group>"; };
		9FADFCD71E82668E00FF52E9 /* MJRefreshNormalHeader.m */ = {isa = PBXFileReference; fileEncoding = 4; lastKnownFileType = sourcecode.c.objc; path = MJRefreshNormalHeader.m; sourceTree = "<group>"; };
		9FADFCD81E82668E00FF52E9 /* MJRefreshStateHeader.h */ = {isa = PBXFileReference; fileEncoding = 4; lastKnownFileType = sourcecode.c.h; path = MJRefreshStateHeader.h; sourceTree = "<group>"; };
		9FADFCD91E82668E00FF52E9 /* MJRefreshStateHeader.m */ = {isa = PBXFileReference; fileEncoding = 4; lastKnownFileType = sourcecode.c.objc; path = MJRefreshStateHeader.m; sourceTree = "<group>"; };
		9FADFCDA1E82668E00FF52E9 /* MJRefresh.bundle */ = {isa = PBXFileReference; lastKnownFileType = "wrapper.plug-in"; path = MJRefresh.bundle; sourceTree = "<group>"; };
		9FADFCDB1E82668E00FF52E9 /* MJRefresh.h */ = {isa = PBXFileReference; fileEncoding = 4; lastKnownFileType = sourcecode.c.h; path = MJRefresh.h; sourceTree = "<group>"; };
		9FADFCDC1E82668E00FF52E9 /* MJRefreshConst.h */ = {isa = PBXFileReference; fileEncoding = 4; lastKnownFileType = sourcecode.c.h; path = MJRefreshConst.h; sourceTree = "<group>"; };
		9FADFCDD1E82668E00FF52E9 /* MJRefreshConst.m */ = {isa = PBXFileReference; fileEncoding = 4; lastKnownFileType = sourcecode.c.objc; path = MJRefreshConst.m; sourceTree = "<group>"; };
		9FADFCDE1E82668E00FF52E9 /* NSBundle+MJRefresh.h */ = {isa = PBXFileReference; fileEncoding = 4; lastKnownFileType = sourcecode.c.h; path = "NSBundle+MJRefresh.h"; sourceTree = "<group>"; };
		9FADFCDF1E82668E00FF52E9 /* NSBundle+MJRefresh.m */ = {isa = PBXFileReference; fileEncoding = 4; lastKnownFileType = sourcecode.c.objc; path = "NSBundle+MJRefresh.m"; sourceTree = "<group>"; };
		9FADFCE01E82668E00FF52E9 /* UIScrollView+MJExtension.h */ = {isa = PBXFileReference; fileEncoding = 4; lastKnownFileType = sourcecode.c.h; path = "UIScrollView+MJExtension.h"; sourceTree = "<group>"; };
		9FADFCE11E82668E00FF52E9 /* UIScrollView+MJExtension.m */ = {isa = PBXFileReference; fileEncoding = 4; lastKnownFileType = sourcecode.c.objc; path = "UIScrollView+MJExtension.m"; sourceTree = "<group>"; };
		9FADFCE21E82668E00FF52E9 /* UIScrollView+MJRefresh.h */ = {isa = PBXFileReference; fileEncoding = 4; lastKnownFileType = sourcecode.c.h; path = "UIScrollView+MJRefresh.h"; sourceTree = "<group>"; };
		9FADFCE31E82668E00FF52E9 /* UIScrollView+MJRefresh.m */ = {isa = PBXFileReference; fileEncoding = 4; lastKnownFileType = sourcecode.c.objc; path = "UIScrollView+MJRefresh.m"; sourceTree = "<group>"; };
		9FADFCE41E82668E00FF52E9 /* UIView+MJExtension.h */ = {isa = PBXFileReference; fileEncoding = 4; lastKnownFileType = sourcecode.c.h; path = "UIView+MJExtension.h"; sourceTree = "<group>"; };
		9FADFCE51E82668E00FF52E9 /* UIView+MJExtension.m */ = {isa = PBXFileReference; fileEncoding = 4; lastKnownFileType = sourcecode.c.objc; path = "UIView+MJExtension.m"; sourceTree = "<group>"; };
		9FADFCFA1E82690E00FF52E9 /* NetworkTool.h */ = {isa = PBXFileReference; fileEncoding = 4; lastKnownFileType = sourcecode.c.h; path = NetworkTool.h; sourceTree = "<group>"; };
		9FADFCFB1E82690E00FF52E9 /* NetworkTool.m */ = {isa = PBXFileReference; fileEncoding = 4; lastKnownFileType = sourcecode.c.objc; path = NetworkTool.m; sourceTree = "<group>"; };
		9FADFCFE1E826A3F00FF52E9 /* StoryModel.h */ = {isa = PBXFileReference; fileEncoding = 4; lastKnownFileType = sourcecode.c.h; path = StoryModel.h; sourceTree = "<group>"; };
		9FADFCFF1E826A3F00FF52E9 /* StoryModel.m */ = {isa = PBXFileReference; fileEncoding = 4; lastKnownFileType = sourcecode.c.objc; path = StoryModel.m; sourceTree = "<group>"; };
		9FD08D051E8365DF008B5F69 /* TopStoryView.h */ = {isa = PBXFileReference; fileEncoding = 4; lastKnownFileType = sourcecode.c.h; path = TopStoryView.h; sourceTree = "<group>"; };
		9FD08D061E8365DF008B5F69 /* TopStoryView.m */ = {isa = PBXFileReference; fileEncoding = 4; lastKnownFileType = sourcecode.c.objc; path = TopStoryView.m; sourceTree = "<group>"; };
		9FE85AA91E84A31C008C8592 /* DateTool.h */ = {isa = PBXFileReference; fileEncoding = 4; lastKnownFileType = sourcecode.c.h; path = DateTool.h; sourceTree = "<group>"; };
		9FE85AAA1E84A31C008C8592 /* DateTool.m */ = {isa = PBXFileReference; fileEncoding = 4; lastKnownFileType = sourcecode.c.objc; path = DateTool.m; sourceTree = "<group>"; };
		9FED3BE31E8C8C6500259812 /* YYCache.h */ = {isa = PBXFileReference; fileEncoding = 4; lastKnownFileType = sourcecode.c.h; path = YYCache.h; sourceTree = "<group>"; };
		9FED3BE41E8C8C6500259812 /* YYCache.m */ = {isa = PBXFileReference; fileEncoding = 4; lastKnownFileType = sourcecode.c.objc; path = YYCache.m; sourceTree = "<group>"; };
		9FED3BE51E8C8C6500259812 /* YYDiskCache.h */ = {isa = PBXFileReference; fileEncoding = 4; lastKnownFileType = sourcecode.c.h; path = YYDiskCache.h; sourceTree = "<group>"; };
		9FED3BE61E8C8C6500259812 /* YYDiskCache.m */ = {isa = PBXFileReference; fileEncoding = 4; lastKnownFileType = sourcecode.c.objc; path = YYDiskCache.m; sourceTree = "<group>"; };
		9FED3BE71E8C8C6500259812 /* YYKVStorage.h */ = {isa = PBXFileReference; fileEncoding = 4; lastKnownFileType = sourcecode.c.h; path = YYKVStorage.h; sourceTree = "<group>"; };
		9FED3BE81E8C8C6500259812 /* YYKVStorage.m */ = {isa = PBXFileReference; fileEncoding = 4; lastKnownFileType = sourcecode.c.objc; path = YYKVStorage.m; sourceTree = "<group>"; };
		9FED3BE91E8C8C6500259812 /* YYMemoryCache.h */ = {isa = PBXFileReference; fileEncoding = 4; lastKnownFileType = sourcecode.c.h; path = YYMemoryCache.h; sourceTree = "<group>"; };
		9FED3BEA1E8C8C6500259812 /* YYMemoryCache.m */ = {isa = PBXFileReference; fileEncoding = 4; lastKnownFileType = sourcecode.c.objc; path = YYMemoryCache.m; sourceTree = "<group>"; };
		9FED3BF01E8C8EA400259812 /* libsqlite3.tbd */ = {isa = PBXFileReference; lastKnownFileType = "sourcecode.text-based-dylib-definition"; name = libsqlite3.tbd; path = usr/lib/libsqlite3.tbd; sourceTree = SDKROOT; };
		9FF089681E8B8A20004DB82F /* UINavigationBar+Awesome.h */ = {isa = PBXFileReference; fileEncoding = 4; lastKnownFileType = sourcecode.c.h; path = "UINavigationBar+Awesome.h"; sourceTree = "<group>"; };
		9FF089691E8B8A20004DB82F /* UINavigationBar+Awesome.m */ = {isa = PBXFileReference; fileEncoding = 4; lastKnownFileType = sourcecode.c.objc; path = "UINavigationBar+Awesome.m"; sourceTree = "<group>"; };
		9FF8FE821E8150890060818D /* ZhuHuDaily.app */ = {isa = PBXFileReference; explicitFileType = wrapper.application; includeInIndex = 0; path = ZhuHuDaily.app; sourceTree = BUILT_PRODUCTS_DIR; };
		9FF8FE861E8150890060818D /* main.m */ = {isa = PBXFileReference; lastKnownFileType = sourcecode.c.objc; path = main.m; sourceTree = "<group>"; };
		9FF8FE881E8150890060818D /* AppDelegate.h */ = {isa = PBXFileReference; lastKnownFileType = sourcecode.c.h; path = AppDelegate.h; sourceTree = "<group>"; };
		9FF8FE891E8150890060818D /* AppDelegate.m */ = {isa = PBXFileReference; lastKnownFileType = sourcecode.c.objc; path = AppDelegate.m; sourceTree = "<group>"; };
		9FF8FE8F1E8150890060818D /* Base */ = {isa = PBXFileReference; lastKnownFileType = file.storyboard; name = Base; path = Base.lproj/Main.storyboard; sourceTree = "<group>"; };
		9FF8FE911E8150890060818D /* Assets.xcassets */ = {isa = PBXFileReference; lastKnownFileType = folder.assetcatalog; path = Assets.xcassets; sourceTree = "<group>"; };
		9FF8FE941E8150890060818D /* Base */ = {isa = PBXFileReference; lastKnownFileType = file.storyboard; name = Base; path = Base.lproj/LaunchScreen.storyboard; sourceTree = "<group>"; };
		9FF8FE961E8150890060818D /* Info.plist */ = {isa = PBXFileReference; lastKnownFileType = text.plist.xml; path = Info.plist; sourceTree = "<group>"; };
		9FF8FE9F1E8150CD0060818D /* AFHTTPSessionManager.h */ = {isa = PBXFileReference; fileEncoding = 4; lastKnownFileType = sourcecode.c.h; path = AFHTTPSessionManager.h; sourceTree = "<group>"; };
		9FF8FEA01E8150CD0060818D /* AFHTTPSessionManager.m */ = {isa = PBXFileReference; fileEncoding = 4; lastKnownFileType = sourcecode.c.objc; path = AFHTTPSessionManager.m; sourceTree = "<group>"; };
		9FF8FEA11E8150CD0060818D /* AFNetworking.h */ = {isa = PBXFileReference; fileEncoding = 4; lastKnownFileType = sourcecode.c.h; path = AFNetworking.h; sourceTree = "<group>"; };
		9FF8FEA21E8150CD0060818D /* AFNetworkReachabilityManager.h */ = {isa = PBXFileReference; fileEncoding = 4; lastKnownFileType = sourcecode.c.h; path = AFNetworkReachabilityManager.h; sourceTree = "<group>"; };
		9FF8FEA31E8150CD0060818D /* AFNetworkReachabilityManager.m */ = {isa = PBXFileReference; fileEncoding = 4; lastKnownFileType = sourcecode.c.objc; path = AFNetworkReachabilityManager.m; sourceTree = "<group>"; };
		9FF8FEA41E8150CD0060818D /* AFSecurityPolicy.h */ = {isa = PBXFileReference; fileEncoding = 4; lastKnownFileType = sourcecode.c.h; path = AFSecurityPolicy.h; sourceTree = "<group>"; };
		9FF8FEA51E8150CD0060818D /* AFSecurityPolicy.m */ = {isa = PBXFileReference; fileEncoding = 4; lastKnownFileType = sourcecode.c.objc; path = AFSecurityPolicy.m; sourceTree = "<group>"; };
		9FF8FEA61E8150CD0060818D /* AFURLRequestSerialization.h */ = {isa = PBXFileReference; fileEncoding = 4; lastKnownFileType = sourcecode.c.h; path = AFURLRequestSerialization.h; sourceTree = "<group>"; };
		9FF8FEA71E8150CD0060818D /* AFURLRequestSerialization.m */ = {isa = PBXFileReference; fileEncoding = 4; lastKnownFileType = sourcecode.c.objc; path = AFURLRequestSerialization.m; sourceTree = "<group>"; };
		9FF8FEA81E8150CD0060818D /* AFURLResponseSerialization.h */ = {isa = PBXFileReference; fileEncoding = 4; lastKnownFileType = sourcecode.c.h; path = AFURLResponseSerialization.h; sourceTree = "<group>"; };
		9FF8FEA91E8150CD0060818D /* AFURLResponseSerialization.m */ = {isa = PBXFileReference; fileEncoding = 4; lastKnownFileType = sourcecode.c.objc; path = AFURLResponseSerialization.m; sourceTree = "<group>"; };
		9FF8FEAA1E8150CD0060818D /* AFURLSessionManager.h */ = {isa = PBXFileReference; fileEncoding = 4; lastKnownFileType = sourcecode.c.h; path = AFURLSessionManager.h; sourceTree = "<group>"; };
		9FF8FEAB1E8150CD0060818D /* AFURLSessionManager.m */ = {isa = PBXFileReference; fileEncoding = 4; lastKnownFileType = sourcecode.c.objc; path = AFURLSessionManager.m; sourceTree = "<group>"; };
		9FF8FEAD1E8150CD0060818D /* MASCompositeConstraint.h */ = {isa = PBXFileReference; fileEncoding = 4; lastKnownFileType = sourcecode.c.h; path = MASCompositeConstraint.h; sourceTree = "<group>"; };
		9FF8FEAE1E8150CD0060818D /* MASCompositeConstraint.m */ = {isa = PBXFileReference; fileEncoding = 4; lastKnownFileType = sourcecode.c.objc; path = MASCompositeConstraint.m; sourceTree = "<group>"; };
		9FF8FEAF1E8150CD0060818D /* MASConstraint+Private.h */ = {isa = PBXFileReference; fileEncoding = 4; lastKnownFileType = sourcecode.c.h; path = "MASConstraint+Private.h"; sourceTree = "<group>"; };
		9FF8FEB01E8150CD0060818D /* MASConstraint.h */ = {isa = PBXFileReference; fileEncoding = 4; lastKnownFileType = sourcecode.c.h; path = MASConstraint.h; sourceTree = "<group>"; };
		9FF8FEB11E8150CD0060818D /* MASConstraint.m */ = {isa = PBXFileReference; fileEncoding = 4; lastKnownFileType = sourcecode.c.objc; path = MASConstraint.m; sourceTree = "<group>"; };
		9FF8FEB21E8150CD0060818D /* MASConstraintMaker.h */ = {isa = PBXFileReference; fileEncoding = 4; lastKnownFileType = sourcecode.c.h; path = MASConstraintMaker.h; sourceTree = "<group>"; };
		9FF8FEB31E8150CD0060818D /* MASConstraintMaker.m */ = {isa = PBXFileReference; fileEncoding = 4; lastKnownFileType = sourcecode.c.objc; path = MASConstraintMaker.m; sourceTree = "<group>"; };
		9FF8FEB41E8150CD0060818D /* MASLayoutConstraint.h */ = {isa = PBXFileReference; fileEncoding = 4; lastKnownFileType = sourcecode.c.h; path = MASLayoutConstraint.h; sourceTree = "<group>"; };
		9FF8FEB51E8150CD0060818D /* MASLayoutConstraint.m */ = {isa = PBXFileReference; fileEncoding = 4; lastKnownFileType = sourcecode.c.objc; path = MASLayoutConstraint.m; sourceTree = "<group>"; };
		9FF8FEB61E8150CD0060818D /* Masonry.h */ = {isa = PBXFileReference; fileEncoding = 4; lastKnownFileType = sourcecode.c.h; path = Masonry.h; sourceTree = "<group>"; };
		9FF8FEB71E8150CD0060818D /* MASUtilities.h */ = {isa = PBXFileReference; fileEncoding = 4; lastKnownFileType = sourcecode.c.h; path = MASUtilities.h; sourceTree = "<group>"; };
		9FF8FEB81E8150CD0060818D /* MASViewAttribute.h */ = {isa = PBXFileReference; fileEncoding = 4; lastKnownFileType = sourcecode.c.h; path = MASViewAttribute.h; sourceTree = "<group>"; };
		9FF8FEB91E8150CD0060818D /* MASViewAttribute.m */ = {isa = PBXFileReference; fileEncoding = 4; lastKnownFileType = sourcecode.c.objc; path = MASViewAttribute.m; sourceTree = "<group>"; };
		9FF8FEBA1E8150CD0060818D /* MASViewConstraint.h */ = {isa = PBXFileReference; fileEncoding = 4; lastKnownFileType = sourcecode.c.h; path = MASViewConstraint.h; sourceTree = "<group>"; };
		9FF8FEBB1E8150CD0060818D /* MASViewConstraint.m */ = {isa = PBXFileReference; fileEncoding = 4; lastKnownFileType = sourcecode.c.objc; path = MASViewConstraint.m; sourceTree = "<group>"; };
		9FF8FEBC1E8150CD0060818D /* NSArray+MASAdditions.h */ = {isa = PBXFileReference; fileEncoding = 4; lastKnownFileType = sourcecode.c.h; path = "NSArray+MASAdditions.h"; sourceTree = "<group>"; };
		9FF8FEBD1E8150CD0060818D /* NSArray+MASAdditions.m */ = {isa = PBXFileReference; fileEncoding = 4; lastKnownFileType = sourcecode.c.objc; path = "NSArray+MASAdditions.m"; sourceTree = "<group>"; };
		9FF8FEBE1E8150CD0060818D /* NSArray+MASShorthandAdditions.h */ = {isa = PBXFileReference; fileEncoding = 4; lastKnownFileType = sourcecode.c.h; path = "NSArray+MASShorthandAdditions.h"; sourceTree = "<group>"; };
		9FF8FEBF1E8150CD0060818D /* NSLayoutConstraint+MASDebugAdditions.h */ = {isa = PBXFileReference; fileEncoding = 4; lastKnownFileType = sourcecode.c.h; path = "NSLayoutConstraint+MASDebugAdditions.h"; sourceTree = "<group>"; };
		9FF8FEC01E8150CD0060818D /* NSLayoutConstraint+MASDebugAdditions.m */ = {isa = PBXFileReference; fileEncoding = 4; lastKnownFileType = sourcecode.c.objc; path = "NSLayoutConstraint+MASDebugAdditions.m"; sourceTree = "<group>"; };
		9FF8FEC11E8150CD0060818D /* View+MASAdditions.h */ = {isa = PBXFileReference; fileEncoding = 4; lastKnownFileType = sourcecode.c.h; path = "View+MASAdditions.h"; sourceTree = "<group>"; };
		9FF8FEC21E8150CD0060818D /* View+MASAdditions.m */ = {isa = PBXFileReference; fileEncoding = 4; lastKnownFileType = sourcecode.c.objc; path = "View+MASAdditions.m"; sourceTree = "<group>"; };
		9FF8FEC31E8150CD0060818D /* View+MASShorthandAdditions.h */ = {isa = PBXFileReference; fileEncoding = 4; lastKnownFileType = sourcecode.c.h; path = "View+MASShorthandAdditions.h"; sourceTree = "<group>"; };
		9FF8FEC41E8150CD0060818D /* ViewController+MASAdditions.h */ = {isa = PBXFileReference; fileEncoding = 4; lastKnownFileType = sourcecode.c.h; path = "ViewController+MASAdditions.h"; sourceTree = "<group>"; };
		9FF8FEC51E8150CD0060818D /* ViewController+MASAdditions.m */ = {isa = PBXFileReference; fileEncoding = 4; lastKnownFileType = sourcecode.c.objc; path = "ViewController+MASAdditions.m"; sourceTree = "<group>"; };
		9FF8FEC71E8150CD0060818D /* SVIndefiniteAnimatedView.h */ = {isa = PBXFileReference; fileEncoding = 4; lastKnownFileType = sourcecode.c.h; path = SVIndefiniteAnimatedView.h; sourceTree = "<group>"; };
		9FF8FEC81E8150CD0060818D /* SVIndefiniteAnimatedView.m */ = {isa = PBXFileReference; fileEncoding = 4; lastKnownFileType = sourcecode.c.objc; path = SVIndefiniteAnimatedView.m; sourceTree = "<group>"; };
		9FF8FEC91E8150CD0060818D /* SVProgressAnimatedView.h */ = {isa = PBXFileReference; fileEncoding = 4; lastKnownFileType = sourcecode.c.h; path = SVProgressAnimatedView.h; sourceTree = "<group>"; };
		9FF8FECA1E8150CD0060818D /* SVProgressAnimatedView.m */ = {isa = PBXFileReference; fileEncoding = 4; lastKnownFileType = sourcecode.c.objc; path = SVProgressAnimatedView.m; sourceTree = "<group>"; };
		9FF8FECB1E8150CD0060818D /* SVProgressHUD-Prefix.pch */ = {isa = PBXFileReference; fileEncoding = 4; lastKnownFileType = sourcecode.c.h; path = "SVProgressHUD-Prefix.pch"; sourceTree = "<group>"; };
		9FF8FECC1E8150CD0060818D /* SVProgressHUD.bundle */ = {isa = PBXFileReference; lastKnownFileType = "wrapper.plug-in"; path = SVProgressHUD.bundle; sourceTree = "<group>"; };
		9FF8FECD1E8150CD0060818D /* SVProgressHUD.h */ = {isa = PBXFileReference; fileEncoding = 4; lastKnownFileType = sourcecode.c.h; path = SVProgressHUD.h; sourceTree = "<group>"; };
		9FF8FECE1E8150CD0060818D /* SVProgressHUD.m */ = {isa = PBXFileReference; fileEncoding = 4; lastKnownFileType = sourcecode.c.objc; path = SVProgressHUD.m; sourceTree = "<group>"; };
		9FF8FECF1E8150CD0060818D /* SVRadialGradientLayer.h */ = {isa = PBXFileReference; fileEncoding = 4; lastKnownFileType = sourcecode.c.h; path = SVRadialGradientLayer.h; sourceTree = "<group>"; };
		9FF8FED01E8150CD0060818D /* SVRadialGradientLayer.m */ = {isa = PBXFileReference; fileEncoding = 4; lastKnownFileType = sourcecode.c.objc; path = SVRadialGradientLayer.m; sourceTree = "<group>"; };
		9FF8FF261E8151680060818D /* PrefixHeader.pch */ = {isa = PBXFileReference; lastKnownFileType = sourcecode.c.h; path = PrefixHeader.pch; sourceTree = "<group>"; };
		9FF8FF301E8154410060818D /* StoryCell.h */ = {isa = PBXFileReference; fileEncoding = 4; lastKnownFileType = sourcecode.c.h; path = StoryCell.h; sourceTree = "<group>"; };
		9FF8FF311E8154410060818D /* StoryCell.m */ = {isa = PBXFileReference; fileEncoding = 4; lastKnownFileType = sourcecode.c.objc; path = StoryCell.m; sourceTree = "<group>"; };
		9FF8FF321E8154410060818D /* StoryCell.xib */ = {isa = PBXFileReference; fileEncoding = 4; lastKnownFileType = file.xib; path = StoryCell.xib; sourceTree = "<group>"; };
		9FF907B31E82B1EE00774312 /* Info.plist */ = {isa = PBXFileReference; fileEncoding = 4; lastKnownFileType = text.plist.xml; path = Info.plist; sourceTree = "<group>"; };
		9FF907B41E82B1EE00774312 /* MJExtension.h */ = {isa = PBXFileReference; fileEncoding = 4; lastKnownFileType = sourcecode.c.h; path = MJExtension.h; sourceTree = "<group>"; };
		9FF907B51E82B1EE00774312 /* MJExtensionConst.h */ = {isa = PBXFileReference; fileEncoding = 4; lastKnownFileType = sourcecode.c.h; path = MJExtensionConst.h; sourceTree = "<group>"; };
		9FF907B61E82B1EE00774312 /* MJExtensionConst.m */ = {isa = PBXFileReference; fileEncoding = 4; lastKnownFileType = sourcecode.c.objc; path = MJExtensionConst.m; sourceTree = "<group>"; };
		9FF907B71E82B1EE00774312 /* MJFoundation.h */ = {isa = PBXFileReference; fileEncoding = 4; lastKnownFileType = sourcecode.c.h; path = MJFoundation.h; sourceTree = "<group>"; };
		9FF907B81E82B1EE00774312 /* MJFoundation.m */ = {isa = PBXFileReference; fileEncoding = 4; lastKnownFileType = sourcecode.c.objc; path = MJFoundation.m; sourceTree = "<group>"; };
		9FF907B91E82B1EE00774312 /* MJProperty.h */ = {isa = PBXFileReference; fileEncoding = 4; lastKnownFileType = sourcecode.c.h; path = MJProperty.h; sourceTree = "<group>"; };
		9FF907BA1E82B1EE00774312 /* MJProperty.m */ = {isa = PBXFileReference; fileEncoding = 4; lastKnownFileType = sourcecode.c.objc; path = MJProperty.m; sourceTree = "<group>"; };
		9FF907BB1E82B1EE00774312 /* MJPropertyKey.h */ = {isa = PBXFileReference; fileEncoding = 4; lastKnownFileType = sourcecode.c.h; path = MJPropertyKey.h; sourceTree = "<group>"; };
		9FF907BC1E82B1EE00774312 /* MJPropertyKey.m */ = {isa = PBXFileReference; fileEncoding = 4; lastKnownFileType = sourcecode.c.objc; path = MJPropertyKey.m; sourceTree = "<group>"; };
		9FF907BD1E82B1EE00774312 /* MJPropertyType.h */ = {isa = PBXFileReference; fileEncoding = 4; lastKnownFileType = sourcecode.c.h; path = MJPropertyType.h; sourceTree = "<group>"; };
		9FF907BE1E82B1EE00774312 /* MJPropertyType.m */ = {isa = PBXFileReference; fileEncoding = 4; lastKnownFileType = sourcecode.c.objc; path = MJPropertyType.m; sourceTree = "<group>"; };
		9FF907BF1E82B1EE00774312 /* NSObject+MJClass.h */ = {isa = PBXFileReference; fileEncoding = 4; lastKnownFileType = sourcecode.c.h; path = "NSObject+MJClass.h"; sourceTree = "<group>"; };
		9FF907C01E82B1EE00774312 /* NSObject+MJClass.m */ = {isa = PBXFileReference; fileEncoding = 4; lastKnownFileType = sourcecode.c.objc; path = "NSObject+MJClass.m"; sourceTree = "<group>"; };
		9FF907C11E82B1EE00774312 /* NSObject+MJCoding.h */ = {isa = PBXFileReference; fileEncoding = 4; lastKnownFileType = sourcecode.c.h; path = "NSObject+MJCoding.h"; sourceTree = "<group>"; };
		9FF907C21E82B1EE00774312 /* NSObject+MJCoding.m */ = {isa = PBXFileReference; fileEncoding = 4; lastKnownFileType = sourcecode.c.objc; path = "NSObject+MJCoding.m"; sourceTree = "<group>"; };
		9FF907C31E82B1EE00774312 /* NSObject+MJKeyValue.h */ = {isa = PBXFileReference; fileEncoding = 4; lastKnownFileType = sourcecode.c.h; path = "NSObject+MJKeyValue.h"; sourceTree = "<group>"; };
		9FF907C41E82B1EE00774312 /* NSObject+MJKeyValue.m */ = {isa = PBXFileReference; fileEncoding = 4; lastKnownFileType = sourcecode.c.objc; path = "NSObject+MJKeyValue.m"; sourceTree = "<group>"; };
		9FF907C51E82B1EE00774312 /* NSObject+MJProperty.h */ = {isa = PBXFileReference; fileEncoding = 4; lastKnownFileType = sourcecode.c.h; path = "NSObject+MJProperty.h"; sourceTree = "<group>"; };
		9FF907C61E82B1EE00774312 /* NSObject+MJProperty.m */ = {isa = PBXFileReference; fileEncoding = 4; lastKnownFileType = sourcecode.c.objc; path = "NSObject+MJProperty.m"; sourceTree = "<group>"; };
		9FF907C71E82B1EE00774312 /* NSString+MJExtension.h */ = {isa = PBXFileReference; fileEncoding = 4; lastKnownFileType = sourcecode.c.h; path = "NSString+MJExtension.h"; sourceTree = "<group>"; };
		9FF907C81E82B1EE00774312 /* NSString+MJExtension.m */ = {isa = PBXFileReference; fileEncoding = 4; lastKnownFileType = sourcecode.c.objc; path = "NSString+MJExtension.m"; sourceTree = "<group>"; };
		9FF907D61E82BCE500774312 /* FLAnimatedImageView+WebCache.h */ = {isa = PBXFileReference; fileEncoding = 4; lastKnownFileType = sourcecode.c.h; path = "FLAnimatedImageView+WebCache.h"; sourceTree = "<group>"; };
		9FF907D71E82BCE500774312 /* FLAnimatedImageView+WebCache.m */ = {isa = PBXFileReference; fileEncoding = 4; lastKnownFileType = sourcecode.c.objc; path = "FLAnimatedImageView+WebCache.m"; sourceTree = "<group>"; };
		9FF907D81E82BCE500774312 /* MKAnnotationView+WebCache.h */ = {isa = PBXFileReference; fileEncoding = 4; lastKnownFileType = sourcecode.c.h; path = "MKAnnotationView+WebCache.h"; sourceTree = "<group>"; };
		9FF907D91E82BCE500774312 /* MKAnnotationView+WebCache.m */ = {isa = PBXFileReference; fileEncoding = 4; lastKnownFileType = sourcecode.c.objc; path = "MKAnnotationView+WebCache.m"; sourceTree = "<group>"; };
		9FF907DA1E82BCE500774312 /* NSData+ImageContentType.h */ = {isa = PBXFileReference; fileEncoding = 4; lastKnownFileType = sourcecode.c.h; path = "NSData+ImageContentType.h"; sourceTree = "<group>"; };
		9FF907DB1E82BCE500774312 /* NSData+ImageContentType.m */ = {isa = PBXFileReference; fileEncoding = 4; lastKnownFileType = sourcecode.c.objc; path = "NSData+ImageContentType.m"; sourceTree = "<group>"; };
		9FF907DC1E82BCE500774312 /* NSImage+WebCache.h */ = {isa = PBXFileReference; fileEncoding = 4; lastKnownFileType = sourcecode.c.h; path = "NSImage+WebCache.h"; sourceTree = "<group>"; };
		9FF907DD1E82BCE500774312 /* NSImage+WebCache.m */ = {isa = PBXFileReference; fileEncoding = 4; lastKnownFileType = sourcecode.c.objc; path = "NSImage+WebCache.m"; sourceTree = "<group>"; };
		9FF907DE1E82BCE500774312 /* SDImageCache.h */ = {isa = PBXFileReference; fileEncoding = 4; lastKnownFileType = sourcecode.c.h; path = SDImageCache.h; sourceTree = "<group>"; };
		9FF907DF1E82BCE500774312 /* SDImageCache.m */ = {isa = PBXFileReference; fileEncoding = 4; lastKnownFileType = sourcecode.c.objc; path = SDImageCache.m; sourceTree = "<group>"; };
		9FF907E01E82BCE500774312 /* SDImageCacheConfig.h */ = {isa = PBXFileReference; fileEncoding = 4; lastKnownFileType = sourcecode.c.h; path = SDImageCacheConfig.h; sourceTree = "<group>"; };
		9FF907E11E82BCE500774312 /* SDImageCacheConfig.m */ = {isa = PBXFileReference; fileEncoding = 4; lastKnownFileType = sourcecode.c.objc; path = SDImageCacheConfig.m; sourceTree = "<group>"; };
		9FF907E21E82BCE500774312 /* SDWebImageCompat.h */ = {isa = PBXFileReference; fileEncoding = 4; lastKnownFileType = sourcecode.c.h; path = SDWebImageCompat.h; sourceTree = "<group>"; };
		9FF907E31E82BCE500774312 /* SDWebImageCompat.m */ = {isa = PBXFileReference; fileEncoding = 4; lastKnownFileType = sourcecode.c.objc; path = SDWebImageCompat.m; sourceTree = "<group>"; };
		9FF907E41E82BCE500774312 /* SDWebImageDecoder.h */ = {isa = PBXFileReference; fileEncoding = 4; lastKnownFileType = sourcecode.c.h; path = SDWebImageDecoder.h; sourceTree = "<group>"; };
		9FF907E51E82BCE500774312 /* SDWebImageDecoder.m */ = {isa = PBXFileReference; fileEncoding = 4; lastKnownFileType = sourcecode.c.objc; path = SDWebImageDecoder.m; sourceTree = "<group>"; };
		9FF907E61E82BCE500774312 /* SDWebImageDownloader.h */ = {isa = PBXFileReference; fileEncoding = 4; lastKnownFileType = sourcecode.c.h; path = SDWebImageDownloader.h; sourceTree = "<group>"; };
		9FF907E71E82BCE500774312 /* SDWebImageDownloader.m */ = {isa = PBXFileReference; fileEncoding = 4; lastKnownFileType = sourcecode.c.objc; path = SDWebImageDownloader.m; sourceTree = "<group>"; };
		9FF907E81E82BCE500774312 /* SDWebImageDownloaderOperation.h */ = {isa = PBXFileReference; fileEncoding = 4; lastKnownFileType = sourcecode.c.h; path = SDWebImageDownloaderOperation.h; sourceTree = "<group>"; };
		9FF907E91E82BCE500774312 /* SDWebImageDownloaderOperation.m */ = {isa = PBXFileReference; fileEncoding = 4; lastKnownFileType = sourcecode.c.objc; path = SDWebImageDownloaderOperation.m; sourceTree = "<group>"; };
		9FF907EA1E82BCE500774312 /* SDWebImageManager.h */ = {isa = PBXFileReference; fileEncoding = 4; lastKnownFileType = sourcecode.c.h; path = SDWebImageManager.h; sourceTree = "<group>"; };
		9FF907EB1E82BCE500774312 /* SDWebImageManager.m */ = {isa = PBXFileReference; fileEncoding = 4; lastKnownFileType = sourcecode.c.objc; path = SDWebImageManager.m; sourceTree = "<group>"; };
		9FF907EC1E82BCE500774312 /* SDWebImageOperation.h */ = {isa = PBXFileReference; fileEncoding = 4; lastKnownFileType = sourcecode.c.h; path = SDWebImageOperation.h; sourceTree = "<group>"; };
		9FF907ED1E82BCE500774312 /* SDWebImagePrefetcher.h */ = {isa = PBXFileReference; fileEncoding = 4; lastKnownFileType = sourcecode.c.h; path = SDWebImagePrefetcher.h; sourceTree = "<group>"; };
		9FF907EE1E82BCE500774312 /* SDWebImagePrefetcher.m */ = {isa = PBXFileReference; fileEncoding = 4; lastKnownFileType = sourcecode.c.objc; path = SDWebImagePrefetcher.m; sourceTree = "<group>"; };
		9FF907EF1E82BCE500774312 /* UIButton+WebCache.h */ = {isa = PBXFileReference; fileEncoding = 4; lastKnownFileType = sourcecode.c.h; path = "UIButton+WebCache.h"; sourceTree = "<group>"; };
		9FF907F01E82BCE500774312 /* UIButton+WebCache.m */ = {isa = PBXFileReference; fileEncoding = 4; lastKnownFileType = sourcecode.c.objc; path = "UIButton+WebCache.m"; sourceTree = "<group>"; };
		9FF907F11E82BCE500774312 /* UIImage+GIF.h */ = {isa = PBXFileReference; fileEncoding = 4; lastKnownFileType = sourcecode.c.h; path = "UIImage+GIF.h"; sourceTree = "<group>"; };
		9FF907F21E82BCE500774312 /* UIImage+GIF.m */ = {isa = PBXFileReference; fileEncoding = 4; lastKnownFileType = sourcecode.c.objc; path = "UIImage+GIF.m"; sourceTree = "<group>"; };
		9FF907F31E82BCE500774312 /* UIImage+MultiFormat.h */ = {isa = PBXFileReference; fileEncoding = 4; lastKnownFileType = sourcecode.c.h; path = "UIImage+MultiFormat.h"; sourceTree = "<group>"; };
		9FF907F41E82BCE500774312 /* UIImage+MultiFormat.m */ = {isa = PBXFileReference; fileEncoding = 4; lastKnownFileType = sourcecode.c.objc; path = "UIImage+MultiFormat.m"; sourceTree = "<group>"; };
		9FF907F51E82BCE500774312 /* UIImage+WebP.h */ = {isa = PBXFileReference; fileEncoding = 4; lastKnownFileType = sourcecode.c.h; path = "UIImage+WebP.h"; sourceTree = "<group>"; };
		9FF907F61E82BCE500774312 /* UIImage+WebP.m */ = {isa = PBXFileReference; fileEncoding = 4; lastKnownFileType = sourcecode.c.objc; path = "UIImage+WebP.m"; sourceTree = "<group>"; };
		9FF907F71E82BCE500774312 /* UIImageView+HighlightedWebCache.h */ = {isa = PBXFileReference; fileEncoding = 4; lastKnownFileType = sourcecode.c.h; path = "UIImageView+HighlightedWebCache.h"; sourceTree = "<group>"; };
		9FF907F81E82BCE500774312 /* UIImageView+HighlightedWebCache.m */ = {isa = PBXFileReference; fileEncoding = 4; lastKnownFileType = sourcecode.c.objc; path = "UIImageView+HighlightedWebCache.m"; sourceTree = "<group>"; };
		9FF907F91E82BCE500774312 /* UIImageView+WebCache.h */ = {isa = PBXFileReference; fileEncoding = 4; lastKnownFileType = sourcecode.c.h; path = "UIImageView+WebCache.h"; sourceTree = "<group>"; };
		9FF907FA1E82BCE500774312 /* UIImageView+WebCache.m */ = {isa = PBXFileReference; fileEncoding = 4; lastKnownFileType = sourcecode.c.objc; path = "UIImageView+WebCache.m"; sourceTree = "<group>"; };
		9FF907FB1E82BCE500774312 /* UIView+WebCache.h */ = {isa = PBXFileReference; fileEncoding = 4; lastKnownFileType = sourcecode.c.h; path = "UIView+WebCache.h"; sourceTree = "<group>"; };
		9FF907FC1E82BCE500774312 /* UIView+WebCache.m */ = {isa = PBXFileReference; fileEncoding = 4; lastKnownFileType = sourcecode.c.objc; path = "UIView+WebCache.m"; sourceTree = "<group>"; };
		9FF907FD1E82BCE500774312 /* UIView+WebCacheOperation.h */ = {isa = PBXFileReference; fileEncoding = 4; lastKnownFileType = sourcecode.c.h; path = "UIView+WebCacheOperation.h"; sourceTree = "<group>"; };
		9FF907FE1E82BCE500774312 /* UIView+WebCacheOperation.m */ = {isa = PBXFileReference; fileEncoding = 4; lastKnownFileType = sourcecode.c.objc; path = "UIView+WebCacheOperation.m"; sourceTree = "<group>"; };
		9FF908141E82BE8A00774312 /* FLAnimatedImage.h */ = {isa = PBXFileReference; fileEncoding = 4; lastKnownFileType = sourcecode.c.h; path = FLAnimatedImage.h; sourceTree = "<group>"; };
		9FF908151E82BE8A00774312 /* FLAnimatedImage.m */ = {isa = PBXFileReference; fileEncoding = 4; lastKnownFileType = sourcecode.c.objc; path = FLAnimatedImage.m; sourceTree = "<group>"; };
		9FF908161E82BE8A00774312 /* FLAnimatedImageView.h */ = {isa = PBXFileReference; fileEncoding = 4; lastKnownFileType = sourcecode.c.h; path = FLAnimatedImageView.h; sourceTree = "<group>"; };
		9FF908171E82BE8A00774312 /* FLAnimatedImageView.m */ = {isa = PBXFileReference; fileEncoding = 4; lastKnownFileType = sourcecode.c.objc; path = FLAnimatedImageView.m; sourceTree = "<group>"; };
		9FF908181E82BE8A00774312 /* Info.plist */ = {isa = PBXFileReference; fileEncoding = 4; lastKnownFileType = text.plist.xml; path = Info.plist; sourceTree = "<group>"; };
/* End PBXFileReference section */

/* Begin PBXFrameworksBuildPhase section */
		9FF8FE7F1E8150890060818D /* Frameworks */ = {
			isa = PBXFrameworksBuildPhase;
			buildActionMask = 2147483647;
			files = (
				9FED3BF11E8C8EA400259812 /* libsqlite3.tbd in Frameworks */,
			);
			runOnlyForDeploymentPostprocessing = 0;
		};
/* End PBXFrameworksBuildPhase section */

/* Begin PBXGroup section */
		9F6923E31E84D1BF00F1FF6A /* ZhuHu */ = {
			isa = PBXGroup;
			children = (
				9F6923E01E84BD4C00F1FF6A /* StoryViewController.h */,
				9F6923E11E84BD4C00F1FF6A /* StoryViewController.m */,
				9F6923E41E84D1E800F1FF6A /* ZhuHuNavigationController.h */,
				9F6923E51E84D1E800F1FF6A /* ZhuHuNavigationController.m */,
				9FADFCA71E825ADA00FF52E9 /* ZhuHuViewController.h */,
				9FADFCA81E825ADA00FF52E9 /* ZhuHuViewController.m */,
			);
			path = ZhuHu;
			sourceTree = "<group>";
		};
		9FADFCAD1E825D1400FF52E9 /* ZYWMenuView */ = {
			isa = PBXGroup;
			children = (
				9FADFCAE1E825D1400FF52E9 /* ZYWMenuButton.h */,
				9FADFCAF1E825D1400FF52E9 /* ZYWMenuButton.m */,
				9FADFCB01E825D1400FF52E9 /* ZYWMenuView.h */,
				9FADFCB11E825D1400FF52E9 /* ZYWMenuView.m */,
				9FADFCB21E825D1400FF52E9 /* ZYWMenuViewController.h */,
				9FADFCB31E825D1400FF52E9 /* ZYWMenuViewController.m */,
			);
			path = ZYWMenuView;
			sourceTree = "<group>";
		};
		9FADFCB71E82668E00FF52E9 /* MJRefresh */ = {
			isa = PBXGroup;
			children = (
				9FADFCB81E82668E00FF52E9 /* Base */,
				9FADFCC31E82668E00FF52E9 /* Custom */,
				9FADFCDA1E82668E00FF52E9 /* MJRefresh.bundle */,
				9FADFCDB1E82668E00FF52E9 /* MJRefresh.h */,
				9FADFCDC1E82668E00FF52E9 /* MJRefreshConst.h */,
				9FADFCDD1E82668E00FF52E9 /* MJRefreshConst.m */,
				9FADFCDE1E82668E00FF52E9 /* NSBundle+MJRefresh.h */,
				9FADFCDF1E82668E00FF52E9 /* NSBundle+MJRefresh.m */,
				9FADFCE01E82668E00FF52E9 /* UIScrollView+MJExtension.h */,
				9FADFCE11E82668E00FF52E9 /* UIScrollView+MJExtension.m */,
				9FADFCE21E82668E00FF52E9 /* UIScrollView+MJRefresh.h */,
				9FADFCE31E82668E00FF52E9 /* UIScrollView+MJRefresh.m */,
				9FADFCE41E82668E00FF52E9 /* UIView+MJExtension.h */,
				9FADFCE51E82668E00FF52E9 /* UIView+MJExtension.m */,
			);
			path = MJRefresh;
			sourceTree = "<group>";
		};
		9FADFCB81E82668E00FF52E9 /* Base */ = {
			isa = PBXGroup;
			children = (
				9FADFCB91E82668E00FF52E9 /* MJRefreshAutoFooter.h */,
				9FADFCBA1E82668E00FF52E9 /* MJRefreshAutoFooter.m */,
				9FADFCBB1E82668E00FF52E9 /* MJRefreshBackFooter.h */,
				9FADFCBC1E82668E00FF52E9 /* MJRefreshBackFooter.m */,
				9FADFCBD1E82668E00FF52E9 /* MJRefreshComponent.h */,
				9FADFCBE1E82668E00FF52E9 /* MJRefreshComponent.m */,
				9FADFCBF1E82668E00FF52E9 /* MJRefreshFooter.h */,
				9FADFCC01E82668E00FF52E9 /* MJRefreshFooter.m */,
				9FADFCC11E82668E00FF52E9 /* MJRefreshHeader.h */,
				9FADFCC21E82668E00FF52E9 /* MJRefreshHeader.m */,
			);
			path = Base;
			sourceTree = "<group>";
		};
		9FADFCC31E82668E00FF52E9 /* Custom */ = {
			isa = PBXGroup;
			children = (
				9FADFCC41E82668E00FF52E9 /* Footer */,
				9FADFCD31E82668E00FF52E9 /* Header */,
			);
			path = Custom;
			sourceTree = "<group>";
		};
		9FADFCC41E82668E00FF52E9 /* Footer */ = {
			isa = PBXGroup;
			children = (
				9FADFCC51E82668E00FF52E9 /* Auto */,
				9FADFCCC1E82668E00FF52E9 /* Back */,
			);
			path = Footer;
			sourceTree = "<group>";
		};
		9FADFCC51E82668E00FF52E9 /* Auto */ = {
			isa = PBXGroup;
			children = (
				9FADFCC61E82668E00FF52E9 /* MJRefreshAutoGifFooter.h */,
				9FADFCC71E82668E00FF52E9 /* MJRefreshAutoGifFooter.m */,
				9FADFCC81E82668E00FF52E9 /* MJRefreshAutoNormalFooter.h */,
				9FADFCC91E82668E00FF52E9 /* MJRefreshAutoNormalFooter.m */,
				9FADFCCA1E82668E00FF52E9 /* MJRefreshAutoStateFooter.h */,
				9FADFCCB1E82668E00FF52E9 /* MJRefreshAutoStateFooter.m */,
			);
			path = Auto;
			sourceTree = "<group>";
		};
		9FADFCCC1E82668E00FF52E9 /* Back */ = {
			isa = PBXGroup;
			children = (
				9FADFCCD1E82668E00FF52E9 /* MJRefreshBackGifFooter.h */,
				9FADFCCE1E82668E00FF52E9 /* MJRefreshBackGifFooter.m */,
				9FADFCCF1E82668E00FF52E9 /* MJRefreshBackNormalFooter.h */,
				9FADFCD01E82668E00FF52E9 /* MJRefreshBackNormalFooter.m */,
				9FADFCD11E82668E00FF52E9 /* MJRefreshBackStateFooter.h */,
				9FADFCD21E82668E00FF52E9 /* MJRefreshBackStateFooter.m */,
			);
			path = Back;
			sourceTree = "<group>";
		};
		9FADFCD31E82668E00FF52E9 /* Header */ = {
			isa = PBXGroup;
			children = (
				9FADFCD41E82668E00FF52E9 /* MJRefreshGifHeader.h */,
				9FADFCD51E82668E00FF52E9 /* MJRefreshGifHeader.m */,
				9FADFCD61E82668E00FF52E9 /* MJRefreshNormalHeader.h */,
				9FADFCD71E82668E00FF52E9 /* MJRefreshNormalHeader.m */,
				9FADFCD81E82668E00FF52E9 /* MJRefreshStateHeader.h */,
				9FADFCD91E82668E00FF52E9 /* MJRefreshStateHeader.m */,
			);
			path = Header;
			sourceTree = "<group>";
		};
		9FADFCFD1E826A2800FF52E9 /* Model */ = {
			isa = PBXGroup;
			children = (
				9FADFCFE1E826A3F00FF52E9 /* StoryModel.h */,
				9FADFCFF1E826A3F00FF52E9 /* StoryModel.m */,
				9F5F77731E88A68E00824FD0 /* StoryDetailModel.h */,
				9F5F77741E88A68E00824FD0 /* StoryDetailModel.m */,
				9F054CDE1E894BEB003D5B77 /* TopStoryModel.h */,
				9F054CDF1E894BEB003D5B77 /* TopStoryModel.m */,
			);
			path = Model;
			sourceTree = "<group>";
		};
		9FED3BE21E8C8C6500259812 /* YYCache */ = {
			isa = PBXGroup;
			children = (
				9FED3BE31E8C8C6500259812 /* YYCache.h */,
				9FED3BE41E8C8C6500259812 /* YYCache.m */,
				9FED3BE51E8C8C6500259812 /* YYDiskCache.h */,
				9FED3BE61E8C8C6500259812 /* YYDiskCache.m */,
				9FED3BE71E8C8C6500259812 /* YYKVStorage.h */,
				9FED3BE81E8C8C6500259812 /* YYKVStorage.m */,
				9FED3BE91E8C8C6500259812 /* YYMemoryCache.h */,
				9FED3BEA1E8C8C6500259812 /* YYMemoryCache.m */,
			);
			path = YYCache;
			sourceTree = "<group>";
		};
		9FED3BEF1E8C8EA400259812 /* Frameworks */ = {
			isa = PBXGroup;
			children = (
				9FED3BF01E8C8EA400259812 /* libsqlite3.tbd */,
			);
			name = Frameworks;
			sourceTree = "<group>";
		};
		9FF8FE791E8150890060818D = {
			isa = PBXGroup;
			children = (
				9FF8FE841E8150890060818D /* ZhuHuDaily */,
				9FF8FE831E8150890060818D /* Products */,
				9FED3BEF1E8C8EA400259812 /* Frameworks */,
			);
			sourceTree = "<group>";
		};
		9FF8FE831E8150890060818D /* Products */ = {
			isa = PBXGroup;
			children = (
				9FF8FE821E8150890060818D /* ZhuHuDaily.app */,
			);
			name = Products;
			sourceTree = "<group>";
		};
		9FF8FE841E8150890060818D /* ZhuHuDaily */ = {
			isa = PBXGroup;
			children = (
				9FF8FE9C1E8150930060818D /* Classes */,
				9FF8FE851E8150890060818D /* Supporting Files */,
				9FF8FE911E8150890060818D /* Assets.xcassets */,
				9FF8FE961E8150890060818D /* Info.plist */,
				9FF8FE931E8150890060818D /* LaunchScreen.storyboard */,
				9FF8FE8E1E8150890060818D /* Main.storyboard */,
			);
			path = ZhuHuDaily;
			sourceTree = "<group>";
		};
		9FF8FE851E8150890060818D /* Supporting Files */ = {
			isa = PBXGroup;
			children = (
				9FF8FE861E8150890060818D /* main.m */,
			);
			path = "Supporting Files";
			sourceTree = "<group>";
		};
		9FF8FE9C1E8150930060818D /* Classes */ = {
			isa = PBXGroup;
			children = (
				9FF8FF2B1E81526A0060818D /* Controller */,
				9FF8FE9D1E8150A90060818D /* Libs */,
				9FADFCFD1E826A2800FF52E9 /* Model */,
				9FF8FF271E81516F0060818D /* Tools */,
				9FF8FF2F1E81540D0060818D /* View */,
				9FF8FE881E8150890060818D /* AppDelegate.h */,
				9FF8FE891E8150890060818D /* AppDelegate.m */,
			);
			path = Classes;
			sourceTree = "<group>";
		};
		9FF8FE9D1E8150A90060818D /* Libs */ = {
			isa = PBXGroup;
			children = (
				9FED3BE21E8C8C6500259812 /* YYCache */,
				9FF8FE9E1E8150CD0060818D /* AFNetworking */,
				9FF908131E82BE8A00774312 /* FLAnimatedImage */,
				9FF907B21E82B1EE00774312 /* MJExtension */,
				9FADFCB71E82668E00FF52E9 /* MJRefresh */,
				9FF8FEAC1E8150CD0060818D /* Masonry */,
				9FF907D41E82BCE500774312 /* SDWebImage */,
				9FF8FEC61E8150CD0060818D /* SVProgressHUD */,
			);
			path = Libs;
			sourceTree = "<group>";
		};
		9FF8FE9E1E8150CD0060818D /* AFNetworking */ = {
			isa = PBXGroup;
			children = (
				9FF8FE9F1E8150CD0060818D /* AFHTTPSessionManager.h */,
				9FF8FEA01E8150CD0060818D /* AFHTTPSessionManager.m */,
				9FF8FEA21E8150CD0060818D /* AFNetworkReachabilityManager.h */,
				9FF8FEA31E8150CD0060818D /* AFNetworkReachabilityManager.m */,
				9FF8FEA11E8150CD0060818D /* AFNetworking.h */,
				9FF8FEA41E8150CD0060818D /* AFSecurityPolicy.h */,
				9FF8FEA51E8150CD0060818D /* AFSecurityPolicy.m */,
				9FF8FEA61E8150CD0060818D /* AFURLRequestSerialization.h */,
				9FF8FEA71E8150CD0060818D /* AFURLRequestSerialization.m */,
				9FF8FEA81E8150CD0060818D /* AFURLResponseSerialization.h */,
				9FF8FEA91E8150CD0060818D /* AFURLResponseSerialization.m */,
				9FF8FEAA1E8150CD0060818D /* AFURLSessionManager.h */,
				9FF8FEAB1E8150CD0060818D /* AFURLSessionManager.m */,
			);
			path = AFNetworking;
			sourceTree = "<group>";
		};
		9FF8FEAC1E8150CD0060818D /* Masonry */ = {
			isa = PBXGroup;
			children = (
				9FF8FEAD1E8150CD0060818D /* MASCompositeConstraint.h */,
				9FF8FEAE1E8150CD0060818D /* MASCompositeConstraint.m */,
				9FF8FEAF1E8150CD0060818D /* MASConstraint+Private.h */,
				9FF8FEB01E8150CD0060818D /* MASConstraint.h */,
				9FF8FEB11E8150CD0060818D /* MASConstraint.m */,
				9FF8FEB21E8150CD0060818D /* MASConstraintMaker.h */,
				9FF8FEB31E8150CD0060818D /* MASConstraintMaker.m */,
				9FF8FEB41E8150CD0060818D /* MASLayoutConstraint.h */,
				9FF8FEB51E8150CD0060818D /* MASLayoutConstraint.m */,
				9FF8FEB71E8150CD0060818D /* MASUtilities.h */,
				9FF8FEB81E8150CD0060818D /* MASViewAttribute.h */,
				9FF8FEB91E8150CD0060818D /* MASViewAttribute.m */,
				9FF8FEBA1E8150CD0060818D /* MASViewConstraint.h */,
				9FF8FEBB1E8150CD0060818D /* MASViewConstraint.m */,
				9FF8FEB61E8150CD0060818D /* Masonry.h */,
				9FF8FEBC1E8150CD0060818D /* NSArray+MASAdditions.h */,
				9FF8FEBD1E8150CD0060818D /* NSArray+MASAdditions.m */,
				9FF8FEBE1E8150CD0060818D /* NSArray+MASShorthandAdditions.h */,
				9FF8FEBF1E8150CD0060818D /* NSLayoutConstraint+MASDebugAdditions.h */,
				9FF8FEC01E8150CD0060818D /* NSLayoutConstraint+MASDebugAdditions.m */,
				9FF8FEC11E8150CD0060818D /* View+MASAdditions.h */,
				9FF8FEC21E8150CD0060818D /* View+MASAdditions.m */,
				9FF8FEC31E8150CD0060818D /* View+MASShorthandAdditions.h */,
				9FF8FEC41E8150CD0060818D /* ViewController+MASAdditions.h */,
				9FF8FEC51E8150CD0060818D /* ViewController+MASAdditions.m */,
			);
			path = Masonry;
			sourceTree = "<group>";
		};
		9FF8FEC61E8150CD0060818D /* SVProgressHUD */ = {
			isa = PBXGroup;
			children = (
				9FF8FEC71E8150CD0060818D /* SVIndefiniteAnimatedView.h */,
				9FF8FEC81E8150CD0060818D /* SVIndefiniteAnimatedView.m */,
				9FF8FEC91E8150CD0060818D /* SVProgressAnimatedView.h */,
				9FF8FECA1E8150CD0060818D /* SVProgressAnimatedView.m */,
				9FF8FECB1E8150CD0060818D /* SVProgressHUD-Prefix.pch */,
				9FF8FECC1E8150CD0060818D /* SVProgressHUD.bundle */,
				9FF8FECD1E8150CD0060818D /* SVProgressHUD.h */,
				9FF8FECE1E8150CD0060818D /* SVProgressHUD.m */,
				9FF8FECF1E8150CD0060818D /* SVRadialGradientLayer.h */,
				9FF8FED01E8150CD0060818D /* SVRadialGradientLayer.m */,
			);
			path = SVProgressHUD;
			sourceTree = "<group>";
		};
		9FF8FF271E81516F0060818D /* Tools */ = {
			isa = PBXGroup;
			children = (
				9FF089681E8B8A20004DB82F /* UINavigationBar+Awesome.h */,
				9FF089691E8B8A20004DB82F /* UINavigationBar+Awesome.m */,
				9FE85AA91E84A31C008C8592 /* DateTool.h */,
				9FE85AAA1E84A31C008C8592 /* DateTool.m */,
				9FADFCFA1E82690E00FF52E9 /* NetworkTool.h */,
				9FADFCFB1E82690E00FF52E9 /* NetworkTool.m */,
				9FF8FF261E8151680060818D /* PrefixHeader.pch */,
			);
			path = Tools;
			sourceTree = "<group>";
		};
		9FF8FF2B1E81526A0060818D /* Controller */ = {
			isa = PBXGroup;
			children = (
				9F6923E31E84D1BF00F1FF6A /* ZhuHu */,
			);
			path = Controller;
			sourceTree = "<group>";
		};
		9FF8FF2F1E81540D0060818D /* View */ = {
			isa = PBXGroup;
			children = (
				9FADFCAD1E825D1400FF52E9 /* ZYWMenuView */,
				9F9EE2D41E83A8FB007722DA /* DateSectioinView.h */,
				9F9EE2D51E83A8FB007722DA /* DateSectioinView.m */,
				9FF8FF301E8154410060818D /* StoryCell.h */,
				9FF8FF311E8154410060818D /* StoryCell.m */,
				9FF8FF321E8154410060818D /* StoryCell.xib */,
				9FD08D051E8365DF008B5F69 /* TopStoryView.h */,
				9FD08D061E8365DF008B5F69 /* TopStoryView.m */,
				9F859C3F1E8A9A39006C9E94 /* StoryCoverView.h */,
				9F859C401E8A9A39006C9E94 /* StoryCoverView.m */,
			);
			path = View;
			sourceTree = "<group>";
		};
		9FF907B21E82B1EE00774312 /* MJExtension */ = {
			isa = PBXGroup;
			children = (
				9FF907B31E82B1EE00774312 /* Info.plist */,
				9FF907B41E82B1EE00774312 /* MJExtension.h */,
				9FF907B51E82B1EE00774312 /* MJExtensionConst.h */,
				9FF907B61E82B1EE00774312 /* MJExtensionConst.m */,
				9FF907B71E82B1EE00774312 /* MJFoundation.h */,
				9FF907B81E82B1EE00774312 /* MJFoundation.m */,
				9FF907B91E82B1EE00774312 /* MJProperty.h */,
				9FF907BA1E82B1EE00774312 /* MJProperty.m */,
				9FF907BB1E82B1EE00774312 /* MJPropertyKey.h */,
				9FF907BC1E82B1EE00774312 /* MJPropertyKey.m */,
				9FF907BD1E82B1EE00774312 /* MJPropertyType.h */,
				9FF907BE1E82B1EE00774312 /* MJPropertyType.m */,
				9FF907BF1E82B1EE00774312 /* NSObject+MJClass.h */,
				9FF907C01E82B1EE00774312 /* NSObject+MJClass.m */,
				9FF907C11E82B1EE00774312 /* NSObject+MJCoding.h */,
				9FF907C21E82B1EE00774312 /* NSObject+MJCoding.m */,
				9FF907C31E82B1EE00774312 /* NSObject+MJKeyValue.h */,
				9FF907C41E82B1EE00774312 /* NSObject+MJKeyValue.m */,
				9FF907C51E82B1EE00774312 /* NSObject+MJProperty.h */,
				9FF907C61E82B1EE00774312 /* NSObject+MJProperty.m */,
				9FF907C71E82B1EE00774312 /* NSString+MJExtension.h */,
				9FF907C81E82B1EE00774312 /* NSString+MJExtension.m */,
			);
			path = MJExtension;
			sourceTree = "<group>";
		};
		9FF907D41E82BCE500774312 /* SDWebImage */ = {
			isa = PBXGroup;
			children = (
				9FF907D51E82BCE500774312 /* FLAnimatedImage */,
				9FF907D81E82BCE500774312 /* MKAnnotationView+WebCache.h */,
				9FF907D91E82BCE500774312 /* MKAnnotationView+WebCache.m */,
				9FF907DA1E82BCE500774312 /* NSData+ImageContentType.h */,
				9FF907DB1E82BCE500774312 /* NSData+ImageContentType.m */,
				9FF907DC1E82BCE500774312 /* NSImage+WebCache.h */,
				9FF907DD1E82BCE500774312 /* NSImage+WebCache.m */,
				9FF907DE1E82BCE500774312 /* SDImageCache.h */,
				9FF907DF1E82BCE500774312 /* SDImageCache.m */,
				9FF907E01E82BCE500774312 /* SDImageCacheConfig.h */,
				9FF907E11E82BCE500774312 /* SDImageCacheConfig.m */,
				9FF907E21E82BCE500774312 /* SDWebImageCompat.h */,
				9FF907E31E82BCE500774312 /* SDWebImageCompat.m */,
				9FF907E41E82BCE500774312 /* SDWebImageDecoder.h */,
				9FF907E51E82BCE500774312 /* SDWebImageDecoder.m */,
				9FF907E61E82BCE500774312 /* SDWebImageDownloader.h */,
				9FF907E71E82BCE500774312 /* SDWebImageDownloader.m */,
				9FF907E81E82BCE500774312 /* SDWebImageDownloaderOperation.h */,
				9FF907E91E82BCE500774312 /* SDWebImageDownloaderOperation.m */,
				9FF907EA1E82BCE500774312 /* SDWebImageManager.h */,
				9FF907EB1E82BCE500774312 /* SDWebImageManager.m */,
				9FF907EC1E82BCE500774312 /* SDWebImageOperation.h */,
				9FF907ED1E82BCE500774312 /* SDWebImagePrefetcher.h */,
				9FF907EE1E82BCE500774312 /* SDWebImagePrefetcher.m */,
				9FF907EF1E82BCE500774312 /* UIButton+WebCache.h */,
				9FF907F01E82BCE500774312 /* UIButton+WebCache.m */,
				9FF907F11E82BCE500774312 /* UIImage+GIF.h */,
				9FF907F21E82BCE500774312 /* UIImage+GIF.m */,
				9FF907F31E82BCE500774312 /* UIImage+MultiFormat.h */,
				9FF907F41E82BCE500774312 /* UIImage+MultiFormat.m */,
				9FF907F51E82BCE500774312 /* UIImage+WebP.h */,
				9FF907F61E82BCE500774312 /* UIImage+WebP.m */,
				9FF907F71E82BCE500774312 /* UIImageView+HighlightedWebCache.h */,
				9FF907F81E82BCE500774312 /* UIImageView+HighlightedWebCache.m */,
				9FF907F91E82BCE500774312 /* UIImageView+WebCache.h */,
				9FF907FA1E82BCE500774312 /* UIImageView+WebCache.m */,
				9FF907FB1E82BCE500774312 /* UIView+WebCache.h */,
				9FF907FC1E82BCE500774312 /* UIView+WebCache.m */,
				9FF907FD1E82BCE500774312 /* UIView+WebCacheOperation.h */,
				9FF907FE1E82BCE500774312 /* UIView+WebCacheOperation.m */,
			);
			path = SDWebImage;
			sourceTree = "<group>";
		};
		9FF907D51E82BCE500774312 /* FLAnimatedImage */ = {
			isa = PBXGroup;
			children = (
				9FF907D61E82BCE500774312 /* FLAnimatedImageView+WebCache.h */,
				9FF907D71E82BCE500774312 /* FLAnimatedImageView+WebCache.m */,
			);
			path = FLAnimatedImage;
			sourceTree = "<group>";
		};
		9FF908131E82BE8A00774312 /* FLAnimatedImage */ = {
			isa = PBXGroup;
			children = (
				9FF908141E82BE8A00774312 /* FLAnimatedImage.h */,
				9FF908151E82BE8A00774312 /* FLAnimatedImage.m */,
				9FF908161E82BE8A00774312 /* FLAnimatedImageView.h */,
				9FF908171E82BE8A00774312 /* FLAnimatedImageView.m */,
				9FF908181E82BE8A00774312 /* Info.plist */,
			);
			path = FLAnimatedImage;
			sourceTree = "<group>";
		};
/* End PBXGroup section */

/* Begin PBXNativeTarget section */
		9FF8FE811E8150890060818D /* ZhuHuDaily */ = {
			isa = PBXNativeTarget;
			buildConfigurationList = 9FF8FE991E8150890060818D /* Build configuration list for PBXNativeTarget "ZhuHuDaily" */;
			buildPhases = (
				9FF8FE7E1E8150890060818D /* Sources */,
				9FF8FE7F1E8150890060818D /* Frameworks */,
				9FF8FE801E8150890060818D /* Resources */,
			);
			buildRules = (
			);
			dependencies = (
			);
			name = ZhuHuDaily;
			productName = ZhuHuDaily;
			productReference = 9FF8FE821E8150890060818D /* ZhuHuDaily.app */;
			productType = "com.apple.product-type.application";
		};
/* End PBXNativeTarget section */

/* Begin PBXProject section */
		9FF8FE7A1E8150890060818D /* Project object */ = {
			isa = PBXProject;
			attributes = {
				LastUpgradeCheck = 0820;
				ORGANIZATIONNAME = Wrappers;
				TargetAttributes = {
					9FF8FE811E8150890060818D = {
						CreatedOnToolsVersion = 8.2.1;
						DevelopmentTeam = 9X3F3UD5EQ;
						ProvisioningStyle = Automatic;
					};
				};
			};
			buildConfigurationList = 9FF8FE7D1E8150890060818D /* Build configuration list for PBXProject "ZhuHuDaily" */;
			compatibilityVersion = "Xcode 3.2";
			developmentRegion = English;
			hasScannedForEncodings = 0;
			knownRegions = (
				en,
				Base,
			);
			mainGroup = 9FF8FE791E8150890060818D;
			productRefGroup = 9FF8FE831E8150890060818D /* Products */;
			projectDirPath = "";
			projectRoot = "";
			targets = (
				9FF8FE811E8150890060818D /* ZhuHuDaily */,
			);
		};
/* End PBXProject section */

/* Begin PBXResourcesBuildPhase section */
		9FF8FE801E8150890060818D /* Resources */ = {
			isa = PBXResourcesBuildPhase;
			buildActionMask = 2147483647;
			files = (
				9FF9081B1E82BE8A00774312 /* Info.plist in Resources */,
				9FF8FE951E8150890060818D /* LaunchScreen.storyboard in Resources */,
				9FF8FE921E8150890060818D /* Assets.xcassets in Resources */,
				9FADFCF41E82668E00FF52E9 /* MJRefresh.bundle in Resources */,
				9FF8FE901E8150890060818D /* Main.storyboard in Resources */,
				9FF8FEE31E8150CD0060818D /* SVProgressHUD.bundle in Resources */,
				9FF8FF341E8154410060818D /* StoryCell.xib in Resources */,
				9FF907C91E82B1EE00774312 /* Info.plist in Resources */,
			);
			runOnlyForDeploymentPostprocessing = 0;
		};
/* End PBXResourcesBuildPhase section */

/* Begin PBXSourcesBuildPhase section */
		9FF8FE7E1E8150890060818D /* Sources */ = {
			isa = PBXSourcesBuildPhase;
			buildActionMask = 2147483647;
			files = (
				9F9EE2D61E83A8FB007722DA /* DateSectioinView.m in Sources */,
				9FF908091E82BCE500774312 /* SDWebImageManager.m in Sources */,
				9FF9080A1E82BCE500774312 /* SDWebImagePrefetcher.m in Sources */,
				9FF8FEDC1E8150CD0060818D /* MASViewConstraint.m in Sources */,
				9FADFCEB1E82668E00FF52E9 /* MJRefreshAutoGifFooter.m in Sources */,
				9FADFCED1E82668E00FF52E9 /* MJRefreshAutoStateFooter.m in Sources */,
				9FF908191E82BE8A00774312 /* FLAnimatedImage.m in Sources */,
				9FADFCF91E82668E00FF52E9 /* UIView+MJExtension.m in Sources */,
				9FED3BED1E8C8C6500259812 /* YYKVStorage.m in Sources */,
				9F6923E21E84BD4C00F1FF6A /* StoryViewController.m in Sources */,
				9FF908011E82BCE500774312 /* NSData+ImageContentType.m in Sources */,
				9FF8FED61E8150CD0060818D /* AFURLSessionManager.m in Sources */,
				9FADFCE81E82668E00FF52E9 /* MJRefreshComponent.m in Sources */,
				9FADFCE91E82668E00FF52E9 /* MJRefreshFooter.m in Sources */,
				9FF908101E82BCE500774312 /* UIImageView+WebCache.m in Sources */,
				9FED3BEB1E8C8C6500259812 /* YYCache.m in Sources */,
				9FF907CC1E82B1EE00774312 /* MJProperty.m in Sources */,
				9FF907FF1E82BCE500774312 /* FLAnimatedImageView+WebCache.m in Sources */,
				9FF8FEDB1E8150CD0060818D /* MASViewAttribute.m in Sources */,
				9FF8FE8A1E8150890060818D /* AppDelegate.m in Sources */,
				9FF907CA1E82B1EE00774312 /* MJExtensionConst.m in Sources */,
				9FE85AAB1E84A31C008C8592 /* DateTool.m in Sources */,
				9FF907CD1E82B1EE00774312 /* MJPropertyKey.m in Sources */,
				9F054CE01E894BEB003D5B77 /* TopStoryModel.m in Sources */,
				9F859C411E8A9A39006C9E94 /* StoryCoverView.m in Sources */,
				9FADFCFC1E82690E00FF52E9 /* NetworkTool.m in Sources */,
				9FF9080D1E82BCE500774312 /* UIImage+MultiFormat.m in Sources */,
				9FF9080F1E82BCE500774312 /* UIImageView+HighlightedWebCache.m in Sources */,
				9FF907D21E82B1EE00774312 /* NSObject+MJProperty.m in Sources */,
				9FF9080C1E82BCE500774312 /* UIImage+GIF.m in Sources */,
				9FF908061E82BCE500774312 /* SDWebImageDecoder.m in Sources */,
				9FADFCF71E82668E00FF52E9 /* UIScrollView+MJExtension.m in Sources */,
				9FF908051E82BCE500774312 /* SDWebImageCompat.m in Sources */,
				9FF907CE1E82B1EE00774312 /* MJPropertyType.m in Sources */,
				9FF0896A1E8B8A20004DB82F /* UINavigationBar+Awesome.m in Sources */,
				9FF907D31E82B1EE00774312 /* NSString+MJExtension.m in Sources */,
				9FF908041E82BCE500774312 /* SDImageCacheConfig.m in Sources */,
				9FF8FED21E8150CD0060818D /* AFNetworkReachabilityManager.m in Sources */,
				9FF8FED71E8150CD0060818D /* MASCompositeConstraint.m in Sources */,
				9F6923E61E84D1E800F1FF6A /* ZhuHuNavigationController.m in Sources */,
				9FF8FED91E8150CD0060818D /* MASConstraintMaker.m in Sources */,
				9FADFCB61E825D1400FF52E9 /* ZYWMenuViewController.m in Sources */,
				9FADFCF11E82668E00FF52E9 /* MJRefreshGifHeader.m in Sources */,
				9FD08D071E8365DF008B5F69 /* TopStoryView.m in Sources */,
				9FF8FEE51E8150CD0060818D /* SVRadialGradientLayer.m in Sources */,
				9FADFCF31E82668E00FF52E9 /* MJRefreshStateHeader.m in Sources */,
				9FED3BEE1E8C8C6500259812 /* YYMemoryCache.m in Sources */,
				9FF8FEDF1E8150CD0060818D /* View+MASAdditions.m in Sources */,
				9FADFCEF1E82668E00FF52E9 /* MJRefreshBackNormalFooter.m in Sources */,
				9FF907D11E82B1EE00774312 /* NSObject+MJKeyValue.m in Sources */,
				9FF8FEE41E8150CD0060818D /* SVProgressHUD.m in Sources */,
				9FADFCB41E825D1400FF52E9 /* ZYWMenuButton.m in Sources */,
				9FF908121E82BCE500774312 /* UIView+WebCacheOperation.m in Sources */,
				9FF907CB1E82B1EE00774312 /* MJFoundation.m in Sources */,
				9FF907CF1E82B1EE00774312 /* NSObject+MJClass.m in Sources */,
				9FF8FEDA1E8150CD0060818D /* MASLayoutConstraint.m in Sources */,
				9FF8FEE01E8150CD0060818D /* ViewController+MASAdditions.m in Sources */,
				9FF908111E82BCE500774312 /* UIView+WebCache.m in Sources */,
				9FF8FED81E8150CD0060818D /* MASConstraint.m in Sources */,
				9FADFCF81E82668E00FF52E9 /* UIScrollView+MJRefresh.m in Sources */,
				9FF8FE871E8150890060818D /* main.m in Sources */,
				9FF8FED31E8150CD0060818D /* AFSecurityPolicy.m in Sources */,
				9FF908081E82BCE500774312 /* SDWebImageDownloaderOperation.m in Sources */,
				9FF8FEDD1E8150CD0060818D /* NSArray+MASAdditions.m in Sources */,
				9FF8FEE11E8150CD0060818D /* SVIndefiniteAnimatedView.m in Sources */,
				9FADFCA91E825ADA00FF52E9 /* ZhuHuViewController.m in Sources */,
				9FED3BEC1E8C8C6500259812 /* YYDiskCache.m in Sources */,
				9F5F77751E88A68E00824FD0 /* StoryDetailModel.m in Sources */,
				9FF9080B1E82BCE500774312 /* UIButton+WebCache.m in Sources */,
				9FF9080E1E82BCE500774312 /* UIImage+WebP.m in Sources */,
				9FADFCF21E82668E00FF52E9 /* MJRefreshNormalHeader.m in Sources */,
				9FADFCF61E82668E00FF52E9 /* NSBundle+MJRefresh.m in Sources */,
				9FF908071E82BCE500774312 /* SDWebImageDownloader.m in Sources */,
				9FF907D01E82B1EE00774312 /* NSObject+MJCoding.m in Sources */,
				9FADFCEC1E82668E00FF52E9 /* MJRefreshAutoNormalFooter.m in Sources */,
				9FF908021E82BCE500774312 /* NSImage+WebCache.m in Sources */,
				9FF8FEDE1E8150CD0060818D /* NSLayoutConstraint+MASDebugAdditions.m in Sources */,
				9FF8FEE21E8150CD0060818D /* SVProgressAnimatedView.m in Sources */,
				9FADFCE61E82668E00FF52E9 /* MJRefreshAutoFooter.m in Sources */,
				9FF8FED41E8150CD0060818D /* AFURLRequestSerialization.m in Sources */,
				9FF9081A1E82BE8A00774312 /* FLAnimatedImageView.m in Sources */,
				9FADFCF01E82668E00FF52E9 /* MJRefreshBackStateFooter.m in Sources */,
				9FF8FED51E8150CD0060818D /* AFURLResponseSerialization.m in Sources */,
				9FADFCEA1E82668E00FF52E9 /* MJRefreshHeader.m in Sources */,
				9FADFD001E826A3F00FF52E9 /* StoryModel.m in Sources */,
				9FF908031E82BCE500774312 /* SDImageCache.m in Sources */,
				9FF908001E82BCE500774312 /* MKAnnotationView+WebCache.m in Sources */,
				9FADFCEE1E82668E00FF52E9 /* MJRefreshBackGifFooter.m in Sources */,
				9FF8FED11E8150CD0060818D /* AFHTTPSessionManager.m in Sources */,
				9FADFCF51E82668E00FF52E9 /* MJRefreshConst.m in Sources */,
				9FADFCB51E825D1400FF52E9 /* ZYWMenuView.m in Sources */,
				9FF8FF331E8154410060818D /* StoryCell.m in Sources */,
				9FADFCE71E82668E00FF52E9 /* MJRefreshBackFooter.m in Sources */,
			);
			runOnlyForDeploymentPostprocessing = 0;
		};
/* End PBXSourcesBuildPhase section */

/* Begin PBXVariantGroup section */
		9FF8FE8E1E8150890060818D /* Main.storyboard */ = {
			isa = PBXVariantGroup;
			children = (
				9FF8FE8F1E8150890060818D /* Base */,
			);
			name = Main.storyboard;
			path = .;
			sourceTree = "<group>";
		};
		9FF8FE931E8150890060818D /* LaunchScreen.storyboard */ = {
			isa = PBXVariantGroup;
			children = (
				9FF8FE941E8150890060818D /* Base */,
			);
			name = LaunchScreen.storyboard;
			path = .;
			sourceTree = "<group>";
		};
/* End PBXVariantGroup section */

/* Begin XCBuildConfiguration section */
		9FF8FE971E8150890060818D /* Debug */ = {
			isa = XCBuildConfiguration;
			buildSettings = {
				ALWAYS_SEARCH_USER_PATHS = NO;
				CLANG_ANALYZER_NONNULL = YES;
				CLANG_CXX_LANGUAGE_STANDARD = "gnu++0x";
				CLANG_CXX_LIBRARY = "libc++";
				CLANG_ENABLE_MODULES = YES;
				CLANG_ENABLE_OBJC_ARC = YES;
				CLANG_WARN_BOOL_CONVERSION = YES;
				CLANG_WARN_CONSTANT_CONVERSION = YES;
				CLANG_WARN_DIRECT_OBJC_ISA_USAGE = YES_ERROR;
				CLANG_WARN_DOCUMENTATION_COMMENTS = YES;
				CLANG_WARN_EMPTY_BODY = YES;
				CLANG_WARN_ENUM_CONVERSION = YES;
				CLANG_WARN_INFINITE_RECURSION = YES;
				CLANG_WARN_INT_CONVERSION = YES;
				CLANG_WARN_OBJC_ROOT_CLASS = YES_ERROR;
				CLANG_WARN_SUSPICIOUS_MOVE = YES;
				CLANG_WARN_UNREACHABLE_CODE = YES;
				CLANG_WARN__DUPLICATE_METHOD_MATCH = YES;
				"CODE_SIGN_IDENTITY[sdk=iphoneos*]" = "iPhone Developer";
				COPY_PHASE_STRIP = NO;
				DEBUG_INFORMATION_FORMAT = dwarf;
				ENABLE_STRICT_OBJC_MSGSEND = YES;
				ENABLE_TESTABILITY = YES;
				GCC_C_LANGUAGE_STANDARD = gnu99;
				GCC_DYNAMIC_NO_PIC = NO;
				GCC_NO_COMMON_BLOCKS = YES;
				GCC_OPTIMIZATION_LEVEL = 0;
				GCC_PRECOMPILE_PREFIX_HEADER = YES;
				GCC_PREFIX_HEADER = "$(SRCROOT)/ZhuHuDaily/PrefixHeader.pch";
				GCC_PREPROCESSOR_DEFINITIONS = (
					"DEBUG=1",
					"$(inherited)",
				);
				GCC_WARN_64_TO_32_BIT_CONVERSION = YES;
				GCC_WARN_ABOUT_RETURN_TYPE = YES_ERROR;
				GCC_WARN_UNDECLARED_SELECTOR = YES;
				GCC_WARN_UNINITIALIZED_AUTOS = YES_AGGRESSIVE;
				GCC_WARN_UNUSED_FUNCTION = YES;
				GCC_WARN_UNUSED_VARIABLE = YES;
				IPHONEOS_DEPLOYMENT_TARGET = 10.2;
				MTL_ENABLE_DEBUG_INFO = YES;
				ONLY_ACTIVE_ARCH = YES;
				SDKROOT = iphoneos;
			};
			name = Debug;
		};
		9FF8FE981E8150890060818D /* Release */ = {
			isa = XCBuildConfiguration;
			buildSettings = {
				ALWAYS_SEARCH_USER_PATHS = NO;
				CLANG_ANALYZER_NONNULL = YES;
				CLANG_CXX_LANGUAGE_STANDARD = "gnu++0x";
				CLANG_CXX_LIBRARY = "libc++";
				CLANG_ENABLE_MODULES = YES;
				CLANG_ENABLE_OBJC_ARC = YES;
				CLANG_WARN_BOOL_CONVERSION = YES;
				CLANG_WARN_CONSTANT_CONVERSION = YES;
				CLANG_WARN_DIRECT_OBJC_ISA_USAGE = YES_ERROR;
				CLANG_WARN_DOCUMENTATION_COMMENTS = YES;
				CLANG_WARN_EMPTY_BODY = YES;
				CLANG_WARN_ENUM_CONVERSION = YES;
				CLANG_WARN_INFINITE_RECURSION = YES;
				CLANG_WARN_INT_CONVERSION = YES;
				CLANG_WARN_OBJC_ROOT_CLASS = YES_ERROR;
				CLANG_WARN_SUSPICIOUS_MOVE = YES;
				CLANG_WARN_UNREACHABLE_CODE = YES;
				CLANG_WARN__DUPLICATE_METHOD_MATCH = YES;
				"CODE_SIGN_IDENTITY[sdk=iphoneos*]" = "iPhone Developer";
				COPY_PHASE_STRIP = NO;
				DEBUG_INFORMATION_FORMAT = "dwarf-with-dsym";
				ENABLE_NS_ASSERTIONS = NO;
				ENABLE_STRICT_OBJC_MSGSEND = YES;
				GCC_C_LANGUAGE_STANDARD = gnu99;
				GCC_NO_COMMON_BLOCKS = YES;
				GCC_PRECOMPILE_PREFIX_HEADER = YES;
				GCC_PREFIX_HEADER = "$(SRCROOT)/ZhuHuDaily/PrefixHeader.pch";
				GCC_WARN_64_TO_32_BIT_CONVERSION = YES;
				GCC_WARN_ABOUT_RETURN_TYPE = YES_ERROR;
				GCC_WARN_UNDECLARED_SELECTOR = YES;
				GCC_WARN_UNINITIALIZED_AUTOS = YES_AGGRESSIVE;
				GCC_WARN_UNUSED_FUNCTION = YES;
				GCC_WARN_UNUSED_VARIABLE = YES;
				IPHONEOS_DEPLOYMENT_TARGET = 10.2;
				MTL_ENABLE_DEBUG_INFO = NO;
				SDKROOT = iphoneos;
				VALIDATE_PRODUCT = YES;
			};
			name = Release;
		};
		9FF8FE9A1E8150890060818D /* Debug */ = {
			isa = XCBuildConfiguration;
			buildSettings = {
				ASSETCATALOG_COMPILER_APPICON_NAME = AppIcon;
				DEVELOPMENT_TEAM = 9X3F3UD5EQ;
				GCC_PRECOMPILE_PREFIX_HEADER = YES;
				GCC_PREFIX_HEADER = "$(SRCROOT)/ZhuHuDaily/Classes/Tools/PrefixHeader.pch";
				INFOPLIST_FILE = ZhuHuDaily/Info.plist;
				LD_RUNPATH_SEARCH_PATHS = "$(inherited) @executable_path/Frameworks";
				PRODUCT_BUNDLE_IDENTIFIER = com.wrappers.ZhuHuDaily;
				PRODUCT_NAME = "$(TARGET_NAME)";
			};
			name = Debug;
		};
		9FF8FE9B1E8150890060818D /* Release */ = {
			isa = XCBuildConfiguration;
			buildSettings = {
				ASSETCATALOG_COMPILER_APPICON_NAME = AppIcon;
				DEVELOPMENT_TEAM = 9X3F3UD5EQ;
				GCC_PRECOMPILE_PREFIX_HEADER = YES;
				GCC_PREFIX_HEADER = "$(SRCROOT)/ZhuHuDaily/Classes/Tools/PrefixHeader.pch";
				INFOPLIST_FILE = ZhuHuDaily/Info.plist;
				LD_RUNPATH_SEARCH_PATHS = "$(inherited) @executable_path/Frameworks";
				PRODUCT_BUNDLE_IDENTIFIER = com.wrappers.ZhuHuDaily;
				PRODUCT_NAME = "$(TARGET_NAME)";
			};
			name = Release;
		};
/* End XCBuildConfiguration section */

/* Begin XCConfigurationList section */
		9FF8FE7D1E8150890060818D /* Build configuration list for PBXProject "ZhuHuDaily" */ = {
			isa = XCConfigurationList;
			buildConfigurations = (
				9FF8FE971E8150890060818D /* Debug */,
				9FF8FE981E8150890060818D /* Release */,
			);
			defaultConfigurationIsVisible = 0;
			defaultConfigurationName = Release;
		};
		9FF8FE991E8150890060818D /* Build configuration list for PBXNativeTarget "ZhuHuDaily" */ = {
			isa = XCConfigurationList;
			buildConfigurations = (
				9FF8FE9A1E8150890060818D /* Debug */,
				9FF8FE9B1E8150890060818D /* Release */,
			);
			defaultConfigurationIsVisible = 0;
			defaultConfigurationName = Release;
		};
/* End XCConfigurationList section */
	};
	rootObject = 9FF8FE7A1E8150890060818D /* Project object */;
}
